// !$*UTF8*$!
{
	archiveVersion = 1;
	classes = {
	};
	objectVersion = 55;
	objects = {

/* Begin PBXBuildFile section */
		86137909279564FF00AED9CF /* UIViewController+Rx.swift in Sources */ = {isa = PBXBuildFile; fileRef = 86137908279564FF00AED9CF /* UIViewController+Rx.swift */; };
		8613790B2795663200AED9CF /* ObservableConvertibleType+.swift in Sources */ = {isa = PBXBuildFile; fileRef = 8613790A2795663200AED9CF /* ObservableConvertibleType+.swift */; };
		863C6E3F27B3FBBE00BB8978 /* Pretendard-ExtraLight.otf in Resources */ = {isa = PBXBuildFile; fileRef = 863C6E3627B3FBBD00BB8978 /* Pretendard-ExtraLight.otf */; };
		863C6E4327B3FBBE00BB8978 /* Pretendard-SemiBold.otf in Resources */ = {isa = PBXBuildFile; fileRef = 863C6E3A27B3FBBD00BB8978 /* Pretendard-SemiBold.otf */; };
		863C6E4527B3FBBE00BB8978 /* Pretendard-Bold.otf in Resources */ = {isa = PBXBuildFile; fileRef = 863C6E3C27B3FBBE00BB8978 /* Pretendard-Bold.otf */; };
		863C6E4627B3FBBE00BB8978 /* Pretendard-Light.otf in Resources */ = {isa = PBXBuildFile; fileRef = 863C6E3D27B3FBBE00BB8978 /* Pretendard-Light.otf */; };
		863C6E4727B3FBBE00BB8978 /* Pretendard-Regular.otf in Resources */ = {isa = PBXBuildFile; fileRef = 863C6E3E27B3FBBE00BB8978 /* Pretendard-Regular.otf */; };
		863C6E4927B3FCA200BB8978 /* UIFont+.swift in Sources */ = {isa = PBXBuildFile; fileRef = 863C6E4827B3FCA200BB8978 /* UIFont+.swift */; };
		8644830127930EFC0020F782 /* ServiceDependency.swift in Sources */ = {isa = PBXBuildFile; fileRef = 8644830027930EFC0020F782 /* ServiceDependency.swift */; };
		864483052793106C0020F782 /* SelectedKeywordCoordinator.swift in Sources */ = {isa = PBXBuildFile; fileRef = 864483042793106C0020F782 /* SelectedKeywordCoordinator.swift */; };
		86448308279310C30020F782 /* selectedKeywordViewController.swift in Sources */ = {isa = PBXBuildFile; fileRef = 86448307279310C30020F782 /* selectedKeywordViewController.swift */; };
		8644830A279310CB0020F782 /* SelectedKeywordReactor.swift in Sources */ = {isa = PBXBuildFile; fileRef = 86448309279310CB0020F782 /* SelectedKeywordReactor.swift */; };
		864F486327B80E8D007A6F8E /* Notifier.swift in Sources */ = {isa = PBXBuildFile; fileRef = 864F486227B80E8D007A6F8E /* Notifier.swift */; };
		8667CFDA279598DF00CC484A /* WriteDiaryCoordinator.swift in Sources */ = {isa = PBXBuildFile; fileRef = 8667CFD9279598DF00CC484A /* WriteDiaryCoordinator.swift */; };
		8667CFDC2795994400CC484A /* WriteDiaryViewController.swift in Sources */ = {isa = PBXBuildFile; fileRef = 8667CFDB2795994400CC484A /* WriteDiaryViewController.swift */; };
		8667CFDE2795994E00CC484A /* WrtieDiaryReactor.swift in Sources */ = {isa = PBXBuildFile; fileRef = 8667CFDD2795994E00CC484A /* WrtieDiaryReactor.swift */; };
		8673D8B12796ED4900085BF7 /* PersistentStorage.swift in Sources */ = {isa = PBXBuildFile; fileRef = 8673D8B02796ED4900085BF7 /* PersistentStorage.swift */; };
		86B7759727A696AE0012FAB6 /* DiaryModel.swift in Sources */ = {isa = PBXBuildFile; fileRef = 86B7759627A696AE0012FAB6 /* DiaryModel.swift */; };
		86B7759A27A6B3690012FAB6 /* Diary+CoreDataClass.swift in Sources */ = {isa = PBXBuildFile; fileRef = 86B7759827A6B3690012FAB6 /* Diary+CoreDataClass.swift */; };
		86B7759B27A6B3690012FAB6 /* Diary+CoreDataProperties.swift in Sources */ = {isa = PBXBuildFile; fileRef = 86B7759927A6B3690012FAB6 /* Diary+CoreDataProperties.swift */; };
		86B8B29D2795434A0028C512 /* SplashVIewController.swift in Sources */ = {isa = PBXBuildFile; fileRef = 86B8B29C2795434A0028C512 /* SplashVIewController.swift */; };
		86B8B29F279543760028C512 /* SplashVIewReactor.swift in Sources */ = {isa = PBXBuildFile; fileRef = 86B8B29E279543760028C512 /* SplashVIewReactor.swift */; };
		86B8B2A12795449A0028C512 /* SplashCoordinator.swift in Sources */ = {isa = PBXBuildFile; fileRef = 86B8B2A02795449A0028C512 /* SplashCoordinator.swift */; };
		86CFE12F27B54DA700DB8F99 /* UIVIew+.swift in Sources */ = {isa = PBXBuildFile; fileRef = 86CFE12E27B54DA700DB8F99 /* UIVIew+.swift */; };
		86D0E809279C2D3B00C51031 /* UIColor+.swift in Sources */ = {isa = PBXBuildFile; fileRef = 86D0E808279C2D3B00C51031 /* UIColor+.swift */; };
		86D513AB27A9389900A3391A /* KIDA_String.swift in Sources */ = {isa = PBXBuildFile; fileRef = 86D513AA27A9389900A3391A /* KIDA_String.swift */; };
		86D513AD27A941BE00A3391A /* String+.swift in Sources */ = {isa = PBXBuildFile; fileRef = 86D513AC27A941BE00A3391A /* String+.swift */; };
		86FABDEC2792AEB2001D986C /* AppDelegate.swift in Sources */ = {isa = PBXBuildFile; fileRef = 86FABDEB2792AEB2001D986C /* AppDelegate.swift */; };
		86FABDEE2792AEB2001D986C /* SceneDelegate.swift in Sources */ = {isa = PBXBuildFile; fileRef = 86FABDED2792AEB2001D986C /* SceneDelegate.swift */; };
		86FABDF02792AEB2001D986C /* HomeViewController.swift in Sources */ = {isa = PBXBuildFile; fileRef = 86FABDEF2792AEB2001D986C /* HomeViewController.swift */; };
		86FABDF62792AEB2001D986C /* KIDA.xcdatamodeld in Sources */ = {isa = PBXBuildFile; fileRef = 86FABDF42792AEB2001D986C /* KIDA.xcdatamodeld */; };
		86FABDF82792AEB3001D986C /* Assets.xcassets in Resources */ = {isa = PBXBuildFile; fileRef = 86FABDF72792AEB3001D986C /* Assets.xcassets */; };
		86FABDFB2792AEB3001D986C /* LaunchScreen.storyboard in Resources */ = {isa = PBXBuildFile; fileRef = 86FABDF92792AEB3001D986C /* LaunchScreen.storyboard */; };
		86FABE082792AFD1001D986C /* Coordinatable.swift in Sources */ = {isa = PBXBuildFile; fileRef = 86FABE072792AFD1001D986C /* Coordinatable.swift */; };
		86FABE0A2792B002001D986C /* BaseViewController.swift in Sources */ = {isa = PBXBuildFile; fileRef = 86FABE092792B002001D986C /* BaseViewController.swift */; };
		86FABE0D2792B097001D986C /* AppCoordinator.swift in Sources */ = {isa = PBXBuildFile; fileRef = 86FABE0C2792B097001D986C /* AppCoordinator.swift */; };
		86FABE0F2792B107001D986C /* HomeCoordinator.swift in Sources */ = {isa = PBXBuildFile; fileRef = 86FABE0E2792B107001D986C /* HomeCoordinator.swift */; };
		86FE8F2727B34A6400786A12 /* PopupInfoViewController.swift in Sources */ = {isa = PBXBuildFile; fileRef = 86FE8F2627B34A6400786A12 /* PopupInfoViewController.swift */; };
		86FE8F2927B34A6C00786A12 /* PopupInfoReactor.swift in Sources */ = {isa = PBXBuildFile; fileRef = 86FE8F2827B34A6C00786A12 /* PopupInfoReactor.swift */; };
		86FE8F2B27B34A8800786A12 /* PopupCoordinator.swift in Sources */ = {isa = PBXBuildFile; fileRef = 86FE8F2A27B34A8800786A12 /* PopupCoordinator.swift */; };
		86FE8F2D27B3509200786A12 /* PopupErrorViewController.swift in Sources */ = {isa = PBXBuildFile; fileRef = 86FE8F2C27B3509200786A12 /* PopupErrorViewController.swift */; };
		86FE8F2F27B3509800786A12 /* PopupErrorReactor.swift in Sources */ = {isa = PBXBuildFile; fileRef = 86FE8F2E27B3509800786A12 /* PopupErrorReactor.swift */; };
		86FE8F3227B355D400786A12 /* PopupInfoHeaderView.swift in Sources */ = {isa = PBXBuildFile; fileRef = 86FE8F3127B355D400786A12 /* PopupInfoHeaderView.swift */; };
		8A7A59EAD40D336B3755B96B /* Pods_KIDA.framework in Frameworks */ = {isa = PBXBuildFile; fileRef = ABD3E4A24147A1309D2673BF /* Pods_KIDA.framework */; };
		ED20E00F27957407004951E1 /* DiaryListViewController.swift in Sources */ = {isa = PBXBuildFile; fileRef = ED20E00E27957407004951E1 /* DiaryListViewController.swift */; };
		ED20E01127957416004951E1 /* DiaryListViewReactor.swift in Sources */ = {isa = PBXBuildFile; fileRef = ED20E01027957416004951E1 /* DiaryListViewReactor.swift */; };
		ED20E015279574A8004951E1 /* DiaryListCoordinator.swift in Sources */ = {isa = PBXBuildFile; fileRef = ED20E014279574A8004951E1 /* DiaryListCoordinator.swift */; };
		ED20E017279575E4004951E1 /* BaseTableViewCell.swift in Sources */ = {isa = PBXBuildFile; fileRef = ED20E016279575E4004951E1 /* BaseTableViewCell.swift */; };
		ED20E01A279577E8004951E1 /* DiaryListCell.swift in Sources */ = {isa = PBXBuildFile; fileRef = ED20E019279577E8004951E1 /* DiaryListCell.swift */; };
		ED20E01C279577F0004951E1 /* DiaryListCellReactor.swift in Sources */ = {isa = PBXBuildFile; fileRef = ED20E01B279577F0004951E1 /* DiaryListCellReactor.swift */; };
		ED20E01F27957946004951E1 /* ReuseCell.swift in Sources */ = {isa = PBXBuildFile; fileRef = ED20E01E27957946004951E1 /* ReuseCell.swift */; };
		ED20E02227957B52004951E1 /* DiayListSection.swift in Sources */ = {isa = PBXBuildFile; fileRef = ED20E02127957B52004951E1 /* DiayListSection.swift */; };
		ED26F2D42792C7F1005EE53A /* ReactorKit in Frameworks */ = {isa = PBXBuildFile; productRef = ED26F2D32792C7F1005EE53A /* ReactorKit */; };
		ED26F2D72792C827005EE53A /* SnapKit in Frameworks */ = {isa = PBXBuildFile; productRef = ED26F2D62792C827005EE53A /* SnapKit */; };
		ED26F2DA2792C8CD005EE53A /* Then in Frameworks */ = {isa = PBXBuildFile; productRef = ED26F2D92792C8CD005EE53A /* Then */; };
		ED26F2DE2792C94B005EE53A /* Differentiator in Frameworks */ = {isa = PBXBuildFile; productRef = ED26F2DD2792C94B005EE53A /* Differentiator */; };
		ED26F2E02792C94B005EE53A /* RxDataSources in Frameworks */ = {isa = PBXBuildFile; productRef = ED26F2DF2792C94B005EE53A /* RxDataSources */; };
		ED26F2E32792CA19005EE53A /* HomeViewReactor.swift in Sources */ = {isa = PBXBuildFile; fileRef = ED26F2E22792CA19005EE53A /* HomeViewReactor.swift */; };
		ED74BD62279D5686006AA255 /* KeywordSelectViewController.swift in Sources */ = {isa = PBXBuildFile; fileRef = ED74BD61279D5686006AA255 /* KeywordSelectViewController.swift */; };
		ED74BD64279D5690006AA255 /* KeywordSelectViewReactor.swift in Sources */ = {isa = PBXBuildFile; fileRef = ED74BD63279D5690006AA255 /* KeywordSelectViewReactor.swift */; };
		ED74BD66279D57A9006AA255 /* KeywordSelectCoordinator.swift in Sources */ = {isa = PBXBuildFile; fileRef = ED74BD65279D57A9006AA255 /* KeywordSelectCoordinator.swift */; };
		ED74BD73279EDC9D006AA255 /* KeywordSelectCell.swift in Sources */ = {isa = PBXBuildFile; fileRef = ED74BD72279EDC9D006AA255 /* KeywordSelectCell.swift */; };
		ED74BD75279EDCA8006AA255 /* KeywordSelectCellReactor.swift in Sources */ = {isa = PBXBuildFile; fileRef = ED74BD74279EDCA8006AA255 /* KeywordSelectCellReactor.swift */; };
		ED74BD77279EDCE5006AA255 /* BaseCollectionViewCell.swift in Sources */ = {isa = PBXBuildFile; fileRef = ED74BD76279EDCE5006AA255 /* BaseCollectionViewCell.swift */; };
		ED74BD79279EDDEF006AA255 /* KeywordSelectSection.swift in Sources */ = {isa = PBXBuildFile; fileRef = ED74BD78279EDDEF006AA255 /* KeywordSelectSection.swift */; };
		ED85CEF027AE50C500C26CA3 /* DiaryListHeaderView.swift in Sources */ = {isa = PBXBuildFile; fileRef = ED85CEEF27AE50C500C26CA3 /* DiaryListHeaderView.swift */; };
		ED85CEF227AE7FB200C26CA3 /* Date+.swift in Sources */ = {isa = PBXBuildFile; fileRef = ED85CEF127AE7FB200C26CA3 /* Date+.swift */; };
		ED85CEF427B16B1200C26CA3 /* RightButtonType.swift in Sources */ = {isa = PBXBuildFile; fileRef = ED85CEF327B16B1200C26CA3 /* RightButtonType.swift */; };
		ED85CEF627B2707800C26CA3 /* DiaryListTopView.swift in Sources */ = {isa = PBXBuildFile; fileRef = ED85CEF527B2707800C26CA3 /* DiaryListTopView.swift */; };
		ED85CEF827B2762300C26CA3 /* DiaryListBottomView.swift in Sources */ = {isa = PBXBuildFile; fileRef = ED85CEF727B2762300C26CA3 /* DiaryListBottomView.swift */; };
		ED85CEFA27B5424D00C26CA3 /* KeywordSelectButtonType.swift in Sources */ = {isa = PBXBuildFile; fileRef = ED85CEF927B5424D00C26CA3 /* KeywordSelectButtonType.swift */; };
		ED85CEFD27B5445000C26CA3 /* KeywordToolTipViews.swift in Sources */ = {isa = PBXBuildFile; fileRef = ED85CEFC27B5445000C26CA3 /* KeywordToolTipViews.swift */; };
/* End PBXBuildFile section */

/* Begin PBXFileReference section */
		319A00984C795B6A4EE7E6FA /* Pods-KIDA.release.xcconfig */ = {isa = PBXFileReference; includeInIndex = 1; lastKnownFileType = text.xcconfig; name = "Pods-KIDA.release.xcconfig"; path = "Target Support Files/Pods-KIDA/Pods-KIDA.release.xcconfig"; sourceTree = "<group>"; };
		86137908279564FF00AED9CF /* UIViewController+Rx.swift */ = {isa = PBXFileReference; lastKnownFileType = sourcecode.swift; path = "UIViewController+Rx.swift"; sourceTree = "<group>"; };
		8613790A2795663200AED9CF /* ObservableConvertibleType+.swift */ = {isa = PBXFileReference; lastKnownFileType = sourcecode.swift; path = "ObservableConvertibleType+.swift"; sourceTree = "<group>"; };
		863C6E3627B3FBBD00BB8978 /* Pretendard-ExtraLight.otf */ = {isa = PBXFileReference; lastKnownFileType = file; path = "Pretendard-ExtraLight.otf"; sourceTree = "<group>"; };
		863C6E3A27B3FBBD00BB8978 /* Pretendard-SemiBold.otf */ = {isa = PBXFileReference; lastKnownFileType = file; path = "Pretendard-SemiBold.otf"; sourceTree = "<group>"; };
		863C6E3C27B3FBBE00BB8978 /* Pretendard-Bold.otf */ = {isa = PBXFileReference; lastKnownFileType = file; path = "Pretendard-Bold.otf"; sourceTree = "<group>"; };
		863C6E3D27B3FBBE00BB8978 /* Pretendard-Light.otf */ = {isa = PBXFileReference; lastKnownFileType = file; path = "Pretendard-Light.otf"; sourceTree = "<group>"; };
		863C6E3E27B3FBBE00BB8978 /* Pretendard-Regular.otf */ = {isa = PBXFileReference; lastKnownFileType = file; path = "Pretendard-Regular.otf"; sourceTree = "<group>"; };
		863C6E4827B3FCA200BB8978 /* UIFont+.swift */ = {isa = PBXFileReference; lastKnownFileType = sourcecode.swift; path = "UIFont+.swift"; sourceTree = "<group>"; };
		8644830027930EFC0020F782 /* ServiceDependency.swift */ = {isa = PBXFileReference; lastKnownFileType = sourcecode.swift; path = ServiceDependency.swift; sourceTree = "<group>"; };
		864483042793106C0020F782 /* SelectedKeywordCoordinator.swift */ = {isa = PBXFileReference; lastKnownFileType = sourcecode.swift; path = SelectedKeywordCoordinator.swift; sourceTree = "<group>"; };
		86448307279310C30020F782 /* selectedKeywordViewController.swift */ = {isa = PBXFileReference; lastKnownFileType = sourcecode.swift; path = selectedKeywordViewController.swift; sourceTree = "<group>"; };
		86448309279310CB0020F782 /* SelectedKeywordReactor.swift */ = {isa = PBXFileReference; lastKnownFileType = sourcecode.swift; path = SelectedKeywordReactor.swift; sourceTree = "<group>"; };
		864F486227B80E8D007A6F8E /* Notifier.swift */ = {isa = PBXFileReference; lastKnownFileType = sourcecode.swift; path = Notifier.swift; sourceTree = "<group>"; };
		8667CFD9279598DF00CC484A /* WriteDiaryCoordinator.swift */ = {isa = PBXFileReference; lastKnownFileType = sourcecode.swift; path = WriteDiaryCoordinator.swift; sourceTree = "<group>"; };
		8667CFDB2795994400CC484A /* WriteDiaryViewController.swift */ = {isa = PBXFileReference; lastKnownFileType = sourcecode.swift; path = WriteDiaryViewController.swift; sourceTree = "<group>"; };
		8667CFDD2795994E00CC484A /* WrtieDiaryReactor.swift */ = {isa = PBXFileReference; lastKnownFileType = sourcecode.swift; path = WrtieDiaryReactor.swift; sourceTree = "<group>"; };
		8673D8B02796ED4900085BF7 /* PersistentStorage.swift */ = {isa = PBXFileReference; lastKnownFileType = sourcecode.swift; path = PersistentStorage.swift; sourceTree = "<group>"; };
		86B7759627A696AE0012FAB6 /* DiaryModel.swift */ = {isa = PBXFileReference; lastKnownFileType = sourcecode.swift; path = DiaryModel.swift; sourceTree = "<group>"; };
		86B7759827A6B3690012FAB6 /* Diary+CoreDataClass.swift */ = {isa = PBXFileReference; lastKnownFileType = sourcecode.swift; path = "Diary+CoreDataClass.swift"; sourceTree = "<group>"; };
		86B7759927A6B3690012FAB6 /* Diary+CoreDataProperties.swift */ = {isa = PBXFileReference; lastKnownFileType = sourcecode.swift; path = "Diary+CoreDataProperties.swift"; sourceTree = "<group>"; };
		86B8B29C2795434A0028C512 /* SplashVIewController.swift */ = {isa = PBXFileReference; lastKnownFileType = sourcecode.swift; path = SplashVIewController.swift; sourceTree = "<group>"; };
		86B8B29E279543760028C512 /* SplashVIewReactor.swift */ = {isa = PBXFileReference; lastKnownFileType = sourcecode.swift; path = SplashVIewReactor.swift; sourceTree = "<group>"; };
		86B8B2A02795449A0028C512 /* SplashCoordinator.swift */ = {isa = PBXFileReference; lastKnownFileType = sourcecode.swift; path = SplashCoordinator.swift; sourceTree = "<group>"; };
		86CFE12E27B54DA700DB8F99 /* UIVIew+.swift */ = {isa = PBXFileReference; lastKnownFileType = sourcecode.swift; path = "UIVIew+.swift"; sourceTree = "<group>"; };
		86D0E808279C2D3B00C51031 /* UIColor+.swift */ = {isa = PBXFileReference; lastKnownFileType = sourcecode.swift; path = "UIColor+.swift"; sourceTree = "<group>"; };
		86D513AA27A9389900A3391A /* KIDA_String.swift */ = {isa = PBXFileReference; lastKnownFileType = sourcecode.swift; path = KIDA_String.swift; sourceTree = "<group>"; };
		86D513AC27A941BE00A3391A /* String+.swift */ = {isa = PBXFileReference; lastKnownFileType = sourcecode.swift; path = "String+.swift"; sourceTree = "<group>"; };
		86FABDE82792AEB2001D986C /* KIDA.app */ = {isa = PBXFileReference; explicitFileType = wrapper.application; includeInIndex = 0; path = KIDA.app; sourceTree = BUILT_PRODUCTS_DIR; };
		86FABDEB2792AEB2001D986C /* AppDelegate.swift */ = {isa = PBXFileReference; lastKnownFileType = sourcecode.swift; path = AppDelegate.swift; sourceTree = "<group>"; };
		86FABDED2792AEB2001D986C /* SceneDelegate.swift */ = {isa = PBXFileReference; lastKnownFileType = sourcecode.swift; path = SceneDelegate.swift; sourceTree = "<group>"; };
		86FABDEF2792AEB2001D986C /* HomeViewController.swift */ = {isa = PBXFileReference; lastKnownFileType = sourcecode.swift; path = HomeViewController.swift; sourceTree = "<group>"; };
		86FABDF52792AEB2001D986C /* KIDA.xcdatamodel */ = {isa = PBXFileReference; lastKnownFileType = wrapper.xcdatamodel; path = KIDA.xcdatamodel; sourceTree = "<group>"; };
		86FABDF72792AEB3001D986C /* Assets.xcassets */ = {isa = PBXFileReference; lastKnownFileType = folder.assetcatalog; path = Assets.xcassets; sourceTree = "<group>"; };
		86FABDFA2792AEB3001D986C /* Base */ = {isa = PBXFileReference; lastKnownFileType = file.storyboard; name = Base; path = Base.lproj/LaunchScreen.storyboard; sourceTree = "<group>"; };
		86FABDFC2792AEB3001D986C /* Info.plist */ = {isa = PBXFileReference; lastKnownFileType = text.plist.xml; path = Info.plist; sourceTree = "<group>"; };
		86FABE072792AFD1001D986C /* Coordinatable.swift */ = {isa = PBXFileReference; lastKnownFileType = sourcecode.swift; path = Coordinatable.swift; sourceTree = "<group>"; };
		86FABE092792B002001D986C /* BaseViewController.swift */ = {isa = PBXFileReference; lastKnownFileType = sourcecode.swift; path = BaseViewController.swift; sourceTree = "<group>"; };
		86FABE0C2792B097001D986C /* AppCoordinator.swift */ = {isa = PBXFileReference; lastKnownFileType = sourcecode.swift; path = AppCoordinator.swift; sourceTree = "<group>"; };
		86FABE0E2792B107001D986C /* HomeCoordinator.swift */ = {isa = PBXFileReference; lastKnownFileType = sourcecode.swift; path = HomeCoordinator.swift; sourceTree = "<group>"; };
		86FE8F2627B34A6400786A12 /* PopupInfoViewController.swift */ = {isa = PBXFileReference; lastKnownFileType = sourcecode.swift; path = PopupInfoViewController.swift; sourceTree = "<group>"; };
		86FE8F2827B34A6C00786A12 /* PopupInfoReactor.swift */ = {isa = PBXFileReference; lastKnownFileType = sourcecode.swift; path = PopupInfoReactor.swift; sourceTree = "<group>"; };
		86FE8F2A27B34A8800786A12 /* PopupCoordinator.swift */ = {isa = PBXFileReference; lastKnownFileType = sourcecode.swift; path = PopupCoordinator.swift; sourceTree = "<group>"; };
		86FE8F2C27B3509200786A12 /* PopupErrorViewController.swift */ = {isa = PBXFileReference; lastKnownFileType = sourcecode.swift; path = PopupErrorViewController.swift; sourceTree = "<group>"; };
		86FE8F2E27B3509800786A12 /* PopupErrorReactor.swift */ = {isa = PBXFileReference; lastKnownFileType = sourcecode.swift; path = PopupErrorReactor.swift; sourceTree = "<group>"; };
		86FE8F3127B355D400786A12 /* PopupInfoHeaderView.swift */ = {isa = PBXFileReference; lastKnownFileType = sourcecode.swift; path = PopupInfoHeaderView.swift; sourceTree = "<group>"; };
		ABD3E4A24147A1309D2673BF /* Pods_KIDA.framework */ = {isa = PBXFileReference; explicitFileType = wrapper.framework; includeInIndex = 0; path = Pods_KIDA.framework; sourceTree = BUILT_PRODUCTS_DIR; };
		BA404FCC3FE2094B62C7E1E8 /* Pods-KIDA.debug.xcconfig */ = {isa = PBXFileReference; includeInIndex = 1; lastKnownFileType = text.xcconfig; name = "Pods-KIDA.debug.xcconfig"; path = "Target Support Files/Pods-KIDA/Pods-KIDA.debug.xcconfig"; sourceTree = "<group>"; };
		ED20E00E27957407004951E1 /* DiaryListViewController.swift */ = {isa = PBXFileReference; lastKnownFileType = sourcecode.swift; path = DiaryListViewController.swift; sourceTree = "<group>"; };
		ED20E01027957416004951E1 /* DiaryListViewReactor.swift */ = {isa = PBXFileReference; lastKnownFileType = sourcecode.swift; path = DiaryListViewReactor.swift; sourceTree = "<group>"; };
		ED20E014279574A8004951E1 /* DiaryListCoordinator.swift */ = {isa = PBXFileReference; lastKnownFileType = sourcecode.swift; path = DiaryListCoordinator.swift; sourceTree = "<group>"; };
		ED20E016279575E4004951E1 /* BaseTableViewCell.swift */ = {isa = PBXFileReference; lastKnownFileType = sourcecode.swift; path = BaseTableViewCell.swift; sourceTree = "<group>"; };
		ED20E019279577E8004951E1 /* DiaryListCell.swift */ = {isa = PBXFileReference; lastKnownFileType = sourcecode.swift; path = DiaryListCell.swift; sourceTree = "<group>"; };
		ED20E01B279577F0004951E1 /* DiaryListCellReactor.swift */ = {isa = PBXFileReference; lastKnownFileType = sourcecode.swift; path = DiaryListCellReactor.swift; sourceTree = "<group>"; };
		ED20E01E27957946004951E1 /* ReuseCell.swift */ = {isa = PBXFileReference; lastKnownFileType = sourcecode.swift; path = ReuseCell.swift; sourceTree = "<group>"; };
		ED20E02127957B52004951E1 /* DiayListSection.swift */ = {isa = PBXFileReference; lastKnownFileType = sourcecode.swift; path = DiayListSection.swift; sourceTree = "<group>"; };
		ED26F2E22792CA19005EE53A /* HomeViewReactor.swift */ = {isa = PBXFileReference; lastKnownFileType = sourcecode.swift; path = HomeViewReactor.swift; sourceTree = "<group>"; };
		ED74BD61279D5686006AA255 /* KeywordSelectViewController.swift */ = {isa = PBXFileReference; lastKnownFileType = sourcecode.swift; path = KeywordSelectViewController.swift; sourceTree = "<group>"; };
		ED74BD63279D5690006AA255 /* KeywordSelectViewReactor.swift */ = {isa = PBXFileReference; lastKnownFileType = sourcecode.swift; path = KeywordSelectViewReactor.swift; sourceTree = "<group>"; };
		ED74BD65279D57A9006AA255 /* KeywordSelectCoordinator.swift */ = {isa = PBXFileReference; lastKnownFileType = sourcecode.swift; path = KeywordSelectCoordinator.swift; sourceTree = "<group>"; };
		ED74BD72279EDC9D006AA255 /* KeywordSelectCell.swift */ = {isa = PBXFileReference; lastKnownFileType = sourcecode.swift; path = KeywordSelectCell.swift; sourceTree = "<group>"; };
		ED74BD74279EDCA8006AA255 /* KeywordSelectCellReactor.swift */ = {isa = PBXFileReference; lastKnownFileType = sourcecode.swift; path = KeywordSelectCellReactor.swift; sourceTree = "<group>"; };
		ED74BD76279EDCE5006AA255 /* BaseCollectionViewCell.swift */ = {isa = PBXFileReference; lastKnownFileType = sourcecode.swift; path = BaseCollectionViewCell.swift; sourceTree = "<group>"; };
		ED74BD78279EDDEF006AA255 /* KeywordSelectSection.swift */ = {isa = PBXFileReference; lastKnownFileType = sourcecode.swift; path = KeywordSelectSection.swift; sourceTree = "<group>"; };
		ED85CEEF27AE50C500C26CA3 /* DiaryListHeaderView.swift */ = {isa = PBXFileReference; lastKnownFileType = sourcecode.swift; path = DiaryListHeaderView.swift; sourceTree = "<group>"; };
		ED85CEF127AE7FB200C26CA3 /* Date+.swift */ = {isa = PBXFileReference; lastKnownFileType = sourcecode.swift; path = "Date+.swift"; sourceTree = "<group>"; };
		ED85CEF327B16B1200C26CA3 /* RightButtonType.swift */ = {isa = PBXFileReference; lastKnownFileType = sourcecode.swift; path = RightButtonType.swift; sourceTree = "<group>"; };
		ED85CEF527B2707800C26CA3 /* DiaryListTopView.swift */ = {isa = PBXFileReference; lastKnownFileType = sourcecode.swift; path = DiaryListTopView.swift; sourceTree = "<group>"; };
		ED85CEF727B2762300C26CA3 /* DiaryListBottomView.swift */ = {isa = PBXFileReference; lastKnownFileType = sourcecode.swift; path = DiaryListBottomView.swift; sourceTree = "<group>"; };
		ED85CEF927B5424D00C26CA3 /* KeywordSelectButtonType.swift */ = {isa = PBXFileReference; lastKnownFileType = sourcecode.swift; path = KeywordSelectButtonType.swift; sourceTree = "<group>"; };
		ED85CEFC27B5445000C26CA3 /* KeywordToolTipViews.swift */ = {isa = PBXFileReference; lastKnownFileType = sourcecode.swift; path = KeywordToolTipViews.swift; sourceTree = "<group>"; };
/* End PBXFileReference section */

/* Begin PBXFrameworksBuildPhase section */
		86FABDE52792AEB2001D986C /* Frameworks */ = {
			isa = PBXFrameworksBuildPhase;
			buildActionMask = 2147483647;
			files = (
				ED26F2DE2792C94B005EE53A /* Differentiator in Frameworks */,
				ED26F2D42792C7F1005EE53A /* ReactorKit in Frameworks */,
				ED26F2DA2792C8CD005EE53A /* Then in Frameworks */,
				ED26F2E02792C94B005EE53A /* RxDataSources in Frameworks */,
				ED26F2D72792C827005EE53A /* SnapKit in Frameworks */,
				8A7A59EAD40D336B3755B96B /* Pods_KIDA.framework in Frameworks */,
			);
			runOnlyForDeploymentPostprocessing = 0;
		};
/* End PBXFrameworksBuildPhase section */

/* Begin PBXGroup section */
		86137907279564ED00AED9CF /* Extensions */ = {
			isa = PBXGroup;
			children = (
				86137908279564FF00AED9CF /* UIViewController+Rx.swift */,
				8613790A2795663200AED9CF /* ObservableConvertibleType+.swift */,
				86D0E808279C2D3B00C51031 /* UIColor+.swift */,
				86D513AC27A941BE00A3391A /* String+.swift */,
				ED85CEF127AE7FB200C26CA3 /* Date+.swift */,
				863C6E4827B3FCA200BB8978 /* UIFont+.swift */,
				86CFE12E27B54DA700DB8F99 /* UIVIew+.swift */,
			);
			path = Extensions;
			sourceTree = "<group>";
		};
		8620428A2796EB070055732F /* Models */ = {
			isa = PBXGroup;
			children = (
				86B7759627A696AE0012FAB6 /* DiaryModel.swift */,
				86FABDF42792AEB2001D986C /* KIDA.xcdatamodeld */,
				86B7759827A6B3690012FAB6 /* Diary+CoreDataClass.swift */,
				86B7759927A6B3690012FAB6 /* Diary+CoreDataProperties.swift */,
			);
			path = Models;
			sourceTree = "<group>";
		};
		863C6E3427B3FB5300BB8978 /* Utilities */ = {
			isa = PBXGroup;
			children = (
				863C6E3527B3FB5D00BB8978 /* Font */,
				864F486227B80E8D007A6F8E /* Notifier.swift */,
			);
			path = Utilities;
			sourceTree = "<group>";
		};
		863C6E3527B3FB5D00BB8978 /* Font */ = {
			isa = PBXGroup;
			children = (
				863C6E3C27B3FBBE00BB8978 /* Pretendard-Bold.otf */,
				863C6E3627B3FBBD00BB8978 /* Pretendard-ExtraLight.otf */,
				863C6E3D27B3FBBE00BB8978 /* Pretendard-Light.otf */,
				863C6E3E27B3FBBE00BB8978 /* Pretendard-Regular.otf */,
				863C6E3A27B3FBBD00BB8978 /* Pretendard-SemiBold.otf */,
			);
			path = Font;
			sourceTree = "<group>";
		};
		864482FF27930ED90020F782 /* Base */ = {
			isa = PBXGroup;
			children = (
				86FABE052792AF5F001D986C /* Protocols */,
				86FABE092792B002001D986C /* BaseViewController.swift */,
				ED20E016279575E4004951E1 /* BaseTableViewCell.swift */,
				ED74BD76279EDCE5006AA255 /* BaseCollectionViewCell.swift */,
			);
			path = Base;
			sourceTree = "<group>";
		};
		86448306279310B90020F782 /* SelectedKeyword */ = {
			isa = PBXGroup;
			children = (
				86448307279310C30020F782 /* selectedKeywordViewController.swift */,
				86448309279310CB0020F782 /* SelectedKeywordReactor.swift */,
			);
			path = SelectedKeyword;
			sourceTree = "<group>";
		};
		8667CFD82795989100CC484A /* WriteDiary */ = {
			isa = PBXGroup;
			children = (
				8667CFDB2795994400CC484A /* WriteDiaryViewController.swift */,
				8667CFDD2795994E00CC484A /* WrtieDiaryReactor.swift */,
			);
			path = WriteDiary;
			sourceTree = "<group>";
		};
		8673D8AF2796ED4100085BF7 /* Services */ = {
			isa = PBXGroup;
			children = (
				8673D8B02796ED4900085BF7 /* PersistentStorage.swift */,
				86D513AA27A9389900A3391A /* KIDA_String.swift */,
			);
			path = Services;
			sourceTree = "<group>";
		};
		86B8B29B279543430028C512 /* Splash */ = {
			isa = PBXGroup;
			children = (
				86B8B29C2795434A0028C512 /* SplashVIewController.swift */,
				86B8B29E279543760028C512 /* SplashVIewReactor.swift */,
			);
			path = Splash;
			sourceTree = "<group>";
		};
		86FABDDF2792AEB2001D986C = {
			isa = PBXGroup;
			children = (
				86FABDEA2792AEB2001D986C /* KIDA */,
				86FABDE92792AEB2001D986C /* Products */,
				B9F20379F7C4CFE28DE51802 /* Pods */,
				A0F7A69973DDD9584D1C827F /* Frameworks */,
			);
			sourceTree = "<group>";
		};
		86FABDE92792AEB2001D986C /* Products */ = {
			isa = PBXGroup;
			children = (
				86FABDE82792AEB2001D986C /* KIDA.app */,
			);
			name = Products;
			sourceTree = "<group>";
		};
		86FABDEA2792AEB2001D986C /* KIDA */ = {
			isa = PBXGroup;
			children = (
				ED20E02027957B39004951E1 /* Type */,
				86FABE022792AEB9001D986C /* App */,
				86FABE042792AEEA001D986C /* Sources */,
				86137907279564ED00AED9CF /* Extensions */,
				863C6E3427B3FB5300BB8978 /* Utilities */,
				86FABDF72792AEB3001D986C /* Assets.xcassets */,
				86FABDF92792AEB3001D986C /* LaunchScreen.storyboard */,
				86FABDFC2792AEB3001D986C /* Info.plist */,
			);
			path = KIDA;
			sourceTree = "<group>";
		};
		86FABE022792AEB9001D986C /* App */ = {
			isa = PBXGroup;
			children = (
				86FABDEB2792AEB2001D986C /* AppDelegate.swift */,
				86FABDED2792AEB2001D986C /* SceneDelegate.swift */,
			);
			path = App;
			sourceTree = "<group>";
		};
		86FABE042792AEEA001D986C /* Sources */ = {
			isa = PBXGroup;
			children = (
				8673D8AF2796ED4100085BF7 /* Services */,
				864482FF27930ED90020F782 /* Base */,
				86FABE0B2792B08E001D986C /* Coordinators */,
				86FABE062792AF61001D986C /* Scene */,
			);
			path = Sources;
			sourceTree = "<group>";
		};
		86FABE052792AF5F001D986C /* Protocols */ = {
			isa = PBXGroup;
			children = (
				86FABE072792AFD1001D986C /* Coordinatable.swift */,
				8644830027930EFC0020F782 /* ServiceDependency.swift */,
				ED20E01E27957946004951E1 /* ReuseCell.swift */,
			);
			path = Protocols;
			sourceTree = "<group>";
		};
		86FABE062792AF61001D986C /* Scene */ = {
			isa = PBXGroup;
			children = (
				86FE8F2327B34A0800786A12 /* Popup */,
				8620428A2796EB070055732F /* Models */,
				ED74BD60279D566E006AA255 /* KeywordSelect */,
				8667CFD82795989100CC484A /* WriteDiary */,
				86B8B29B279543430028C512 /* Splash */,
				ED20E00D279573ED004951E1 /* DiaryList */,
				86448306279310B90020F782 /* SelectedKeyword */,
				ED26F2E12792CA08005EE53A /* Home */,
			);
			path = Scene;
			sourceTree = "<group>";
		};
		86FABE0B2792B08E001D986C /* Coordinators */ = {
			isa = PBXGroup;
			children = (
				86FABE0C2792B097001D986C /* AppCoordinator.swift */,
				86FABE0E2792B107001D986C /* HomeCoordinator.swift */,
				864483042793106C0020F782 /* SelectedKeywordCoordinator.swift */,
				8667CFD9279598DF00CC484A /* WriteDiaryCoordinator.swift */,
				86B8B2A02795449A0028C512 /* SplashCoordinator.swift */,
				ED20E014279574A8004951E1 /* DiaryListCoordinator.swift */,
				ED74BD65279D57A9006AA255 /* KeywordSelectCoordinator.swift */,
				86FE8F2A27B34A8800786A12 /* PopupCoordinator.swift */,
			);
			path = Coordinators;
			sourceTree = "<group>";
		};
		86FE8F2327B34A0800786A12 /* Popup */ = {
			isa = PBXGroup;
			children = (
				86FE8F2427B34A0F00786A12 /* Info */,
				86FE8F2527B34A2200786A12 /* Error */,
			);
			path = Popup;
			sourceTree = "<group>";
		};
		86FE8F2427B34A0F00786A12 /* Info */ = {
			isa = PBXGroup;
			children = (
				86FE8F3027B355CB00786A12 /* Views */,
				86FE8F2627B34A6400786A12 /* PopupInfoViewController.swift */,
				86FE8F2827B34A6C00786A12 /* PopupInfoReactor.swift */,
			);
			path = Info;
			sourceTree = "<group>";
		};
		86FE8F2527B34A2200786A12 /* Error */ = {
			isa = PBXGroup;
			children = (
				86FE8F2C27B3509200786A12 /* PopupErrorViewController.swift */,
				86FE8F2E27B3509800786A12 /* PopupErrorReactor.swift */,
			);
			path = Error;
			sourceTree = "<group>";
		};
		86FE8F3027B355CB00786A12 /* Views */ = {
			isa = PBXGroup;
			children = (
				86FE8F3127B355D400786A12 /* PopupInfoHeaderView.swift */,
			);
			path = Views;
			sourceTree = "<group>";
		};
		A0F7A69973DDD9584D1C827F /* Frameworks */ = {
			isa = PBXGroup;
			children = (
				ABD3E4A24147A1309D2673BF /* Pods_KIDA.framework */,
			);
			name = Frameworks;
			sourceTree = "<group>";
		};
		B9F20379F7C4CFE28DE51802 /* Pods */ = {
			isa = PBXGroup;
			children = (
				BA404FCC3FE2094B62C7E1E8 /* Pods-KIDA.debug.xcconfig */,
				319A00984C795B6A4EE7E6FA /* Pods-KIDA.release.xcconfig */,
			);
			path = Pods;
			sourceTree = "<group>";
		};
		ED20E00D279573ED004951E1 /* DiaryList */ = {
			isa = PBXGroup;
			children = (
				ED85CEEE27AE50B300C26CA3 /* Views */,
				ED20E018279577CE004951E1 /* Cells */,
				ED20E00E27957407004951E1 /* DiaryListViewController.swift */,
				ED20E01027957416004951E1 /* DiaryListViewReactor.swift */,
			);
			path = DiaryList;
			sourceTree = "<group>";
		};
		ED20E018279577CE004951E1 /* Cells */ = {
			isa = PBXGroup;
			children = (
				ED20E019279577E8004951E1 /* DiaryListCell.swift */,
				ED20E01B279577F0004951E1 /* DiaryListCellReactor.swift */,
			);
			path = Cells;
			sourceTree = "<group>";
		};
		ED20E02027957B39004951E1 /* Type */ = {
			isa = PBXGroup;
			children = (
				ED20E02127957B52004951E1 /* DiayListSection.swift */,
				ED74BD78279EDDEF006AA255 /* KeywordSelectSection.swift */,
				ED85CEF327B16B1200C26CA3 /* RightButtonType.swift */,
				ED85CEF927B5424D00C26CA3 /* KeywordSelectButtonType.swift */,
			);
			path = Type;
			sourceTree = "<group>";
		};
		ED26F2E12792CA08005EE53A /* Home */ = {
			isa = PBXGroup;
			children = (
				86FABDEF2792AEB2001D986C /* HomeViewController.swift */,
				ED26F2E22792CA19005EE53A /* HomeViewReactor.swift */,
			);
			path = Home;
			sourceTree = "<group>";
		};
		ED74BD60279D566E006AA255 /* KeywordSelect */ = {
			isa = PBXGroup;
			children = (
				ED85CEFB27B5444400C26CA3 /* Views */,
				ED74BD71279EDC8E006AA255 /* Cells */,
				ED74BD61279D5686006AA255 /* KeywordSelectViewController.swift */,
				ED74BD63279D5690006AA255 /* KeywordSelectViewReactor.swift */,
			);
			path = KeywordSelect;
			sourceTree = "<group>";
		};
		ED74BD71279EDC8E006AA255 /* Cells */ = {
			isa = PBXGroup;
			children = (
				ED74BD72279EDC9D006AA255 /* KeywordSelectCell.swift */,
				ED74BD74279EDCA8006AA255 /* KeywordSelectCellReactor.swift */,
			);
			path = Cells;
			sourceTree = "<group>";
		};
		ED85CEEE27AE50B300C26CA3 /* Views */ = {
			isa = PBXGroup;
			children = (
				ED85CEEF27AE50C500C26CA3 /* DiaryListHeaderView.swift */,
				ED85CEF527B2707800C26CA3 /* DiaryListTopView.swift */,
				ED85CEF727B2762300C26CA3 /* DiaryListBottomView.swift */,
			);
			path = Views;
			sourceTree = "<group>";
		};
		ED85CEFB27B5444400C26CA3 /* Views */ = {
			isa = PBXGroup;
			children = (
				ED85CEFC27B5445000C26CA3 /* KeywordToolTipViews.swift */,
			);
			path = Views;
			sourceTree = "<group>";
		};
/* End PBXGroup section */

/* Begin PBXNativeTarget section */
		86FABDE72792AEB2001D986C /* KIDA */ = {
			isa = PBXNativeTarget;
			buildConfigurationList = 86FABDFF2792AEB3001D986C /* Build configuration list for PBXNativeTarget "KIDA" */;
			buildPhases = (
				3F5569D446111DF7140ED53A /* [CP] Check Pods Manifest.lock */,
				86FABDE42792AEB2001D986C /* Sources */,
				86FABDE52792AEB2001D986C /* Frameworks */,
				86FABDE62792AEB2001D986C /* Resources */,
				7D98D6ED183F8ED2F9FC1146 /* [CP] Embed Pods Frameworks */,
			);
			buildRules = (
			);
			dependencies = (
			);
			name = KIDA;
			packageProductDependencies = (
				ED26F2D32792C7F1005EE53A /* ReactorKit */,
				ED26F2D62792C827005EE53A /* SnapKit */,
				ED26F2D92792C8CD005EE53A /* Then */,
				ED26F2DD2792C94B005EE53A /* Differentiator */,
				ED26F2DF2792C94B005EE53A /* RxDataSources */,
			);
			productName = KIDA;
			productReference = 86FABDE82792AEB2001D986C /* KIDA.app */;
			productType = "com.apple.product-type.application";
		};
/* End PBXNativeTarget section */

/* Begin PBXProject section */
		86FABDE02792AEB2001D986C /* Project object */ = {
			isa = PBXProject;
			attributes = {
				BuildIndependentTargetsInParallel = 1;
				LastSwiftUpdateCheck = 1310;
				LastUpgradeCheck = 1310;
				TargetAttributes = {
					86FABDE72792AEB2001D986C = {
						CreatedOnToolsVersion = 13.1;
					};
				};
			};
			buildConfigurationList = 86FABDE32792AEB2001D986C /* Build configuration list for PBXProject "KIDA" */;
			compatibilityVersion = "Xcode 13.0";
			developmentRegion = en;
			hasScannedForEncodings = 0;
			knownRegions = (
				en,
				Base,
			);
			mainGroup = 86FABDDF2792AEB2001D986C;
			packageReferences = (
				ED26F2D12792C753005EE53A /* XCRemoteSwiftPackageReference "RxSwift" */,
				ED26F2D22792C7F1005EE53A /* XCRemoteSwiftPackageReference "ReactorKit" */,
				ED26F2D52792C827005EE53A /* XCRemoteSwiftPackageReference "SnapKit" */,
				ED26F2D82792C8CD005EE53A /* XCRemoteSwiftPackageReference "Then" */,
				ED26F2DC2792C94B005EE53A /* XCRemoteSwiftPackageReference "RxDataSources" */,
			);
			productRefGroup = 86FABDE92792AEB2001D986C /* Products */;
			projectDirPath = "";
			projectRoot = "";
			targets = (
				86FABDE72792AEB2001D986C /* KIDA */,
			);
		};
/* End PBXProject section */

/* Begin PBXResourcesBuildPhase section */
		86FABDE62792AEB2001D986C /* Resources */ = {
			isa = PBXResourcesBuildPhase;
			buildActionMask = 2147483647;
			files = (
				863C6E3F27B3FBBE00BB8978 /* Pretendard-ExtraLight.otf in Resources */,
				86FABDFB2792AEB3001D986C /* LaunchScreen.storyboard in Resources */,
				863C6E4327B3FBBE00BB8978 /* Pretendard-SemiBold.otf in Resources */,
				863C6E4627B3FBBE00BB8978 /* Pretendard-Light.otf in Resources */,
				86FABDF82792AEB3001D986C /* Assets.xcassets in Resources */,
				863C6E4727B3FBBE00BB8978 /* Pretendard-Regular.otf in Resources */,
				863C6E4527B3FBBE00BB8978 /* Pretendard-Bold.otf in Resources */,
			);
			runOnlyForDeploymentPostprocessing = 0;
		};
/* End PBXResourcesBuildPhase section */

/* Begin PBXShellScriptBuildPhase section */
		3F5569D446111DF7140ED53A /* [CP] Check Pods Manifest.lock */ = {
			isa = PBXShellScriptBuildPhase;
			buildActionMask = 2147483647;
			files = (
			);
			inputFileListPaths = (
			);
			inputPaths = (
				"${PODS_PODFILE_DIR_PATH}/Podfile.lock",
				"${PODS_ROOT}/Manifest.lock",
			);
			name = "[CP] Check Pods Manifest.lock";
			outputFileListPaths = (
			);
			outputPaths = (
				"$(DERIVED_FILE_DIR)/Pods-KIDA-checkManifestLockResult.txt",
			);
			runOnlyForDeploymentPostprocessing = 0;
			shellPath = /bin/sh;
			shellScript = "diff \"${PODS_PODFILE_DIR_PATH}/Podfile.lock\" \"${PODS_ROOT}/Manifest.lock\" > /dev/null\nif [ $? != 0 ] ; then\n    # print error to STDERR\n    echo \"error: The sandbox is not in sync with the Podfile.lock. Run 'pod install' or update your CocoaPods installation.\" >&2\n    exit 1\nfi\n# This output is used by Xcode 'outputs' to avoid re-running this script phase.\necho \"SUCCESS\" > \"${SCRIPT_OUTPUT_FILE_0}\"\n";
			showEnvVarsInLog = 0;
		};
		7D98D6ED183F8ED2F9FC1146 /* [CP] Embed Pods Frameworks */ = {
			isa = PBXShellScriptBuildPhase;
			buildActionMask = 2147483647;
			files = (
			);
			inputFileListPaths = (
				"${PODS_ROOT}/Target Support Files/Pods-KIDA/Pods-KIDA-frameworks-${CONFIGURATION}-input-files.xcfilelist",
			);
			name = "[CP] Embed Pods Frameworks";
			outputFileListPaths = (
				"${PODS_ROOT}/Target Support Files/Pods-KIDA/Pods-KIDA-frameworks-${CONFIGURATION}-output-files.xcfilelist",
			);
			runOnlyForDeploymentPostprocessing = 0;
			shellPath = /bin/sh;
			shellScript = "\"${PODS_ROOT}/Target Support Files/Pods-KIDA/Pods-KIDA-frameworks.sh\"\n";
			showEnvVarsInLog = 0;
		};
/* End PBXShellScriptBuildPhase section */

/* Begin PBXSourcesBuildPhase section */
		86FABDE42792AEB2001D986C /* Sources */ = {
			isa = PBXSourcesBuildPhase;
			buildActionMask = 2147483647;
			files = (
				ED20E02227957B52004951E1 /* DiayListSection.swift in Sources */,
				86D513AD27A941BE00A3391A /* String+.swift in Sources */,
				86FE8F2D27B3509200786A12 /* PopupErrorViewController.swift in Sources */,
				86FABDF02792AEB2001D986C /* HomeViewController.swift in Sources */,
				86B8B2A12795449A0028C512 /* SplashCoordinator.swift in Sources */,
				ED20E01127957416004951E1 /* DiaryListViewReactor.swift in Sources */,
				8644830A279310CB0020F782 /* SelectedKeywordReactor.swift in Sources */,
				86FABDEC2792AEB2001D986C /* AppDelegate.swift in Sources */,
				ED74BD66279D57A9006AA255 /* KeywordSelectCoordinator.swift in Sources */,
				86B8B29D2795434A0028C512 /* SplashVIewController.swift in Sources */,
				ED26F2E32792CA19005EE53A /* HomeViewReactor.swift in Sources */,
				86FE8F2727B34A6400786A12 /* PopupInfoViewController.swift in Sources */,
				86FABE082792AFD1001D986C /* Coordinatable.swift in Sources */,
				8644830127930EFC0020F782 /* ServiceDependency.swift in Sources */,
				ED74BD77279EDCE5006AA255 /* BaseCollectionViewCell.swift in Sources */,
				ED85CEF627B2707800C26CA3 /* DiaryListTopView.swift in Sources */,
				ED85CEF027AE50C500C26CA3 /* DiaryListHeaderView.swift in Sources */,
				86B7759B27A6B3690012FAB6 /* Diary+CoreDataProperties.swift in Sources */,
				86FE8F2927B34A6C00786A12 /* PopupInfoReactor.swift in Sources */,
				864F486327B80E8D007A6F8E /* Notifier.swift in Sources */,
				8667CFDE2795994E00CC484A /* WrtieDiaryReactor.swift in Sources */,
				86B7759727A696AE0012FAB6 /* DiaryModel.swift in Sources */,
				8613790B2795663200AED9CF /* ObservableConvertibleType+.swift in Sources */,
				863C6E4927B3FCA200BB8978 /* UIFont+.swift in Sources */,
				ED20E01A279577E8004951E1 /* DiaryListCell.swift in Sources */,
				ED85CEFD27B5445000C26CA3 /* KeywordToolTipViews.swift in Sources */,
				ED74BD73279EDC9D006AA255 /* KeywordSelectCell.swift in Sources */,
				ED20E00F27957407004951E1 /* DiaryListViewController.swift in Sources */,
				86FABDF62792AEB2001D986C /* KIDA.xcdatamodeld in Sources */,
				ED85CEFA27B5424D00C26CA3 /* KeywordSelectButtonType.swift in Sources */,
				8673D8B12796ED4900085BF7 /* PersistentStorage.swift in Sources */,
				86137909279564FF00AED9CF /* UIViewController+Rx.swift in Sources */,
				ED85CEF827B2762300C26CA3 /* DiaryListBottomView.swift in Sources */,
				ED74BD75279EDCA8006AA255 /* KeywordSelectCellReactor.swift in Sources */,
				86FABDEE2792AEB2001D986C /* SceneDelegate.swift in Sources */,
				ED85CEF427B16B1200C26CA3 /* RightButtonType.swift in Sources */,
				8667CFDA279598DF00CC484A /* WriteDiaryCoordinator.swift in Sources */,
				ED85CEF227AE7FB200C26CA3 /* Date+.swift in Sources */,
				ED74BD62279D5686006AA255 /* KeywordSelectViewController.swift in Sources */,
				86CFE12F27B54DA700DB8F99 /* UIVIew+.swift in Sources */,
				ED20E01C279577F0004951E1 /* DiaryListCellReactor.swift in Sources */,
				86FE8F3227B355D400786A12 /* PopupInfoHeaderView.swift in Sources */,
				86448308279310C30020F782 /* selectedKeywordViewController.swift in Sources */,
				86FE8F2F27B3509800786A12 /* PopupErrorReactor.swift in Sources */,
				86FABE0F2792B107001D986C /* HomeCoordinator.swift in Sources */,
				ED20E01F27957946004951E1 /* ReuseCell.swift in Sources */,
				ED20E017279575E4004951E1 /* BaseTableViewCell.swift in Sources */,
				86FABE0A2792B002001D986C /* BaseViewController.swift in Sources */,
				ED74BD64279D5690006AA255 /* KeywordSelectViewReactor.swift in Sources */,
				ED74BD79279EDDEF006AA255 /* KeywordSelectSection.swift in Sources */,
				86B7759A27A6B3690012FAB6 /* Diary+CoreDataClass.swift in Sources */,
				86FE8F2B27B34A8800786A12 /* PopupCoordinator.swift in Sources */,
				8667CFDC2795994400CC484A /* WriteDiaryViewController.swift in Sources */,
				86D513AB27A9389900A3391A /* KIDA_String.swift in Sources */,
				864483052793106C0020F782 /* SelectedKeywordCoordinator.swift in Sources */,
				86B8B29F279543760028C512 /* SplashVIewReactor.swift in Sources */,
				ED20E015279574A8004951E1 /* DiaryListCoordinator.swift in Sources */,
				86FABE0D2792B097001D986C /* AppCoordinator.swift in Sources */,
				86D0E809279C2D3B00C51031 /* UIColor+.swift in Sources */,
			);
			runOnlyForDeploymentPostprocessing = 0;
		};
/* End PBXSourcesBuildPhase section */

/* Begin PBXVariantGroup section */
		86FABDF92792AEB3001D986C /* LaunchScreen.storyboard */ = {
			isa = PBXVariantGroup;
			children = (
				86FABDFA2792AEB3001D986C /* Base */,
			);
			name = LaunchScreen.storyboard;
			sourceTree = "<group>";
		};
/* End PBXVariantGroup section */

/* Begin XCBuildConfiguration section */
		86FABDFD2792AEB3001D986C /* Debug */ = {
			isa = XCBuildConfiguration;
			buildSettings = {
				ALWAYS_SEARCH_USER_PATHS = NO;
				CLANG_ANALYZER_NONNULL = YES;
				CLANG_ANALYZER_NUMBER_OBJECT_CONVERSION = YES_AGGRESSIVE;
				CLANG_CXX_LANGUAGE_STANDARD = "gnu++17";
				CLANG_CXX_LIBRARY = "libc++";
				CLANG_ENABLE_MODULES = YES;
				CLANG_ENABLE_OBJC_ARC = YES;
				CLANG_ENABLE_OBJC_WEAK = YES;
				CLANG_WARN_BLOCK_CAPTURE_AUTORELEASING = YES;
				CLANG_WARN_BOOL_CONVERSION = YES;
				CLANG_WARN_COMMA = YES;
				CLANG_WARN_CONSTANT_CONVERSION = YES;
				CLANG_WARN_DEPRECATED_OBJC_IMPLEMENTATIONS = YES;
				CLANG_WARN_DIRECT_OBJC_ISA_USAGE = YES_ERROR;
				CLANG_WARN_DOCUMENTATION_COMMENTS = YES;
				CLANG_WARN_EMPTY_BODY = YES;
				CLANG_WARN_ENUM_CONVERSION = YES;
				CLANG_WARN_INFINITE_RECURSION = YES;
				CLANG_WARN_INT_CONVERSION = YES;
				CLANG_WARN_NON_LITERAL_NULL_CONVERSION = YES;
				CLANG_WARN_OBJC_IMPLICIT_RETAIN_SELF = YES;
				CLANG_WARN_OBJC_LITERAL_CONVERSION = YES;
				CLANG_WARN_OBJC_ROOT_CLASS = YES_ERROR;
				CLANG_WARN_QUOTED_INCLUDE_IN_FRAMEWORK_HEADER = YES;
				CLANG_WARN_RANGE_LOOP_ANALYSIS = YES;
				CLANG_WARN_STRICT_PROTOTYPES = YES;
				CLANG_WARN_SUSPICIOUS_MOVE = YES;
				CLANG_WARN_UNGUARDED_AVAILABILITY = YES_AGGRESSIVE;
				CLANG_WARN_UNREACHABLE_CODE = YES;
				CLANG_WARN__DUPLICATE_METHOD_MATCH = YES;
				COPY_PHASE_STRIP = NO;
				DEBUG_INFORMATION_FORMAT = dwarf;
				ENABLE_STRICT_OBJC_MSGSEND = YES;
				ENABLE_TESTABILITY = YES;
				GCC_C_LANGUAGE_STANDARD = gnu11;
				GCC_DYNAMIC_NO_PIC = NO;
				GCC_NO_COMMON_BLOCKS = YES;
				GCC_OPTIMIZATION_LEVEL = 0;
				GCC_PREPROCESSOR_DEFINITIONS = (
					"DEBUG=1",
					"$(inherited)",
				);
				GCC_WARN_64_TO_32_BIT_CONVERSION = YES;
				GCC_WARN_ABOUT_RETURN_TYPE = YES_ERROR;
				GCC_WARN_UNDECLARED_SELECTOR = YES;
				GCC_WARN_UNINITIALIZED_AUTOS = YES_AGGRESSIVE;
				GCC_WARN_UNUSED_FUNCTION = YES;
				GCC_WARN_UNUSED_VARIABLE = YES;
				IPHONEOS_DEPLOYMENT_TARGET = 13.0;
				MTL_ENABLE_DEBUG_INFO = INCLUDE_SOURCE;
				MTL_FAST_MATH = YES;
				ONLY_ACTIVE_ARCH = YES;
				SDKROOT = iphoneos;
				SWIFT_ACTIVE_COMPILATION_CONDITIONS = DEBUG;
				SWIFT_OPTIMIZATION_LEVEL = "-Onone";
			};
			name = Debug;
		};
		86FABDFE2792AEB3001D986C /* Release */ = {
			isa = XCBuildConfiguration;
			buildSettings = {
				ALWAYS_SEARCH_USER_PATHS = NO;
				CLANG_ANALYZER_NONNULL = YES;
				CLANG_ANALYZER_NUMBER_OBJECT_CONVERSION = YES_AGGRESSIVE;
				CLANG_CXX_LANGUAGE_STANDARD = "gnu++17";
				CLANG_CXX_LIBRARY = "libc++";
				CLANG_ENABLE_MODULES = YES;
				CLANG_ENABLE_OBJC_ARC = YES;
				CLANG_ENABLE_OBJC_WEAK = YES;
				CLANG_WARN_BLOCK_CAPTURE_AUTORELEASING = YES;
				CLANG_WARN_BOOL_CONVERSION = YES;
				CLANG_WARN_COMMA = YES;
				CLANG_WARN_CONSTANT_CONVERSION = YES;
				CLANG_WARN_DEPRECATED_OBJC_IMPLEMENTATIONS = YES;
				CLANG_WARN_DIRECT_OBJC_ISA_USAGE = YES_ERROR;
				CLANG_WARN_DOCUMENTATION_COMMENTS = YES;
				CLANG_WARN_EMPTY_BODY = YES;
				CLANG_WARN_ENUM_CONVERSION = YES;
				CLANG_WARN_INFINITE_RECURSION = YES;
				CLANG_WARN_INT_CONVERSION = YES;
				CLANG_WARN_NON_LITERAL_NULL_CONVERSION = YES;
				CLANG_WARN_OBJC_IMPLICIT_RETAIN_SELF = YES;
				CLANG_WARN_OBJC_LITERAL_CONVERSION = YES;
				CLANG_WARN_OBJC_ROOT_CLASS = YES_ERROR;
				CLANG_WARN_QUOTED_INCLUDE_IN_FRAMEWORK_HEADER = YES;
				CLANG_WARN_RANGE_LOOP_ANALYSIS = YES;
				CLANG_WARN_STRICT_PROTOTYPES = YES;
				CLANG_WARN_SUSPICIOUS_MOVE = YES;
				CLANG_WARN_UNGUARDED_AVAILABILITY = YES_AGGRESSIVE;
				CLANG_WARN_UNREACHABLE_CODE = YES;
				CLANG_WARN__DUPLICATE_METHOD_MATCH = YES;
				COPY_PHASE_STRIP = NO;
				DEBUG_INFORMATION_FORMAT = "dwarf-with-dsym";
				ENABLE_NS_ASSERTIONS = NO;
				ENABLE_STRICT_OBJC_MSGSEND = YES;
				GCC_C_LANGUAGE_STANDARD = gnu11;
				GCC_NO_COMMON_BLOCKS = YES;
				GCC_WARN_64_TO_32_BIT_CONVERSION = YES;
				GCC_WARN_ABOUT_RETURN_TYPE = YES_ERROR;
				GCC_WARN_UNDECLARED_SELECTOR = YES;
				GCC_WARN_UNINITIALIZED_AUTOS = YES_AGGRESSIVE;
				GCC_WARN_UNUSED_FUNCTION = YES;
				GCC_WARN_UNUSED_VARIABLE = YES;
				IPHONEOS_DEPLOYMENT_TARGET = 13.0;
				MTL_ENABLE_DEBUG_INFO = NO;
				MTL_FAST_MATH = YES;
				SDKROOT = iphoneos;
				SWIFT_COMPILATION_MODE = wholemodule;
				SWIFT_OPTIMIZATION_LEVEL = "-O";
				VALIDATE_PRODUCT = YES;
			};
			name = Release;
		};
		86FABE002792AEB3001D986C /* Debug */ = {
			isa = XCBuildConfiguration;
			baseConfigurationReference = BA404FCC3FE2094B62C7E1E8 /* Pods-KIDA.debug.xcconfig */;
			buildSettings = {
				ASSETCATALOG_COMPILER_APPICON_NAME = AppIcon;
				ASSETCATALOG_COMPILER_GLOBAL_ACCENT_COLOR_NAME = AccentColor;
				CODE_SIGN_STYLE = Automatic;
				CURRENT_PROJECT_VERSION = 1;
				DEVELOPMENT_TEAM = 857J3M5L6B;
				GENERATE_INFOPLIST_FILE = YES;
				INFOPLIST_FILE = KIDA/Info.plist;
				INFOPLIST_KEY_UIApplicationSupportsIndirectInputEvents = YES;
				INFOPLIST_KEY_UILaunchStoryboardName = LaunchScreen;
				INFOPLIST_KEY_UISupportedInterfaceOrientations_iPad = "UIInterfaceOrientationPortrait UIInterfaceOrientationPortraitUpsideDown UIInterfaceOrientationLandscapeLeft UIInterfaceOrientationLandscapeRight";
				INFOPLIST_KEY_UISupportedInterfaceOrientations_iPhone = "UIInterfaceOrientationPortrait UIInterfaceOrientationLandscapeLeft UIInterfaceOrientationLandscapeRight";
				IPHONEOS_DEPLOYMENT_TARGET = 13.0;
				LD_RUNPATH_SEARCH_PATHS = (
					"$(inherited)",
					"@executable_path/Frameworks",
				);
				MARKETING_VERSION = 1.0.3;
				PRODUCT_BUNDLE_IDENTIFIER = com.ian.KIDA;
				PRODUCT_NAME = "$(TARGET_NAME)";
				SWIFT_EMIT_LOC_STRINGS = YES;
				SWIFT_VERSION = 5.0;
				TARGETED_DEVICE_FAMILY = 1;
			};
			name = Debug;
		};
		86FABE012792AEB3001D986C /* Release */ = {
			isa = XCBuildConfiguration;
			baseConfigurationReference = 319A00984C795B6A4EE7E6FA /* Pods-KIDA.release.xcconfig */;
			buildSettings = {
				ASSETCATALOG_COMPILER_APPICON_NAME = AppIcon;
				ASSETCATALOG_COMPILER_GLOBAL_ACCENT_COLOR_NAME = AccentColor;
				CODE_SIGN_STYLE = Automatic;
				CURRENT_PROJECT_VERSION = 1;
				DEVELOPMENT_TEAM = 857J3M5L6B;
				GENERATE_INFOPLIST_FILE = YES;
				INFOPLIST_FILE = KIDA/Info.plist;
				INFOPLIST_KEY_UIApplicationSupportsIndirectInputEvents = YES;
				INFOPLIST_KEY_UILaunchStoryboardName = LaunchScreen;
				INFOPLIST_KEY_UISupportedInterfaceOrientations_iPad = "UIInterfaceOrientationPortrait UIInterfaceOrientationPortraitUpsideDown UIInterfaceOrientationLandscapeLeft UIInterfaceOrientationLandscapeRight";
				INFOPLIST_KEY_UISupportedInterfaceOrientations_iPhone = "UIInterfaceOrientationPortrait UIInterfaceOrientationLandscapeLeft UIInterfaceOrientationLandscapeRight";
				IPHONEOS_DEPLOYMENT_TARGET = 13.0;
				LD_RUNPATH_SEARCH_PATHS = (
					"$(inherited)",
					"@executable_path/Frameworks",
				);
				MARKETING_VERSION = 1.0.3;
				PRODUCT_BUNDLE_IDENTIFIER = com.ian.KIDA;
				PRODUCT_NAME = "$(TARGET_NAME)";
				SWIFT_EMIT_LOC_STRINGS = YES;
				SWIFT_VERSION = 5.0;
				TARGETED_DEVICE_FAMILY = 1;
			};
			name = Release;
		};
/* End XCBuildConfiguration section */

/* Begin XCConfigurationList section */
		86FABDE32792AEB2001D986C /* Build configuration list for PBXProject "KIDA" */ = {
			isa = XCConfigurationList;
			buildConfigurations = (
				86FABDFD2792AEB3001D986C /* Debug */,
				86FABDFE2792AEB3001D986C /* Release */,
			);
			defaultConfigurationIsVisible = 0;
			defaultConfigurationName = Release;
		};
		86FABDFF2792AEB3001D986C /* Build configuration list for PBXNativeTarget "KIDA" */ = {
			isa = XCConfigurationList;
			buildConfigurations = (
				86FABE002792AEB3001D986C /* Debug */,
				86FABE012792AEB3001D986C /* Release */,
			);
			defaultConfigurationIsVisible = 0;
			defaultConfigurationName = Release;
		};
/* End XCConfigurationList section */

/* Begin XCRemoteSwiftPackageReference section */
		ED26F2D12792C753005EE53A /* XCRemoteSwiftPackageReference "RxSwift" */ = {
			isa = XCRemoteSwiftPackageReference;
			repositoryURL = "https://github.com/ReactiveX/RxSwift.git";
			requirement = {
				kind = upToNextMajorVersion;
				minimumVersion = 5.1.2;
			};
		};
		ED26F2D22792C7F1005EE53A /* XCRemoteSwiftPackageReference "ReactorKit" */ = {
			isa = XCRemoteSwiftPackageReference;
			repositoryURL = "https://github.com/ReactorKit/ReactorKit.git";
			requirement = {
				kind = upToNextMajorVersion;
				minimumVersion = 2.1.1;
			};
		};
		ED26F2D52792C827005EE53A /* XCRemoteSwiftPackageReference "SnapKit" */ = {
			isa = XCRemoteSwiftPackageReference;
			repositoryURL = "https://github.com/SnapKit/SnapKit.git";
			requirement = {
				kind = upToNextMajorVersion;
				minimumVersion = 5.0.1;
			};
		};
		ED26F2D82792C8CD005EE53A /* XCRemoteSwiftPackageReference "Then" */ = {
			isa = XCRemoteSwiftPackageReference;
			repositoryURL = "https://github.com/devxoul/Then.git";
			requirement = {
				kind = upToNextMajorVersion;
				minimumVersion = 2.7.0;
			};
		};
		ED26F2DC2792C94B005EE53A /* XCRemoteSwiftPackageReference "RxDataSources" */ = {
			isa = XCRemoteSwiftPackageReference;
			repositoryURL = "https://github.com/RxSwiftCommunity/RxDataSources.git";
			requirement = {
				kind = upToNextMajorVersion;
				minimumVersion = 4.0.1;
			};
		};
/* End XCRemoteSwiftPackageReference section */

/* Begin XCSwiftPackageProductDependency section */
		ED26F2D32792C7F1005EE53A /* ReactorKit */ = {
			isa = XCSwiftPackageProductDependency;
			package = ED26F2D22792C7F1005EE53A /* XCRemoteSwiftPackageReference "ReactorKit" */;
			productName = ReactorKit;
		};
		ED26F2D62792C827005EE53A /* SnapKit */ = {
			isa = XCSwiftPackageProductDependency;
			package = ED26F2D52792C827005EE53A /* XCRemoteSwiftPackageReference "SnapKit" */;
			productName = SnapKit;
		};
		ED26F2D92792C8CD005EE53A /* Then */ = {
			isa = XCSwiftPackageProductDependency;
			package = ED26F2D82792C8CD005EE53A /* XCRemoteSwiftPackageReference "Then" */;
			productName = Then;
		};
		ED26F2DD2792C94B005EE53A /* Differentiator */ = {
			isa = XCSwiftPackageProductDependency;
			package = ED26F2DC2792C94B005EE53A /* XCRemoteSwiftPackageReference "RxDataSources" */;
			productName = Differentiator;
		};
		ED26F2DF2792C94B005EE53A /* RxDataSources */ = {
			isa = XCSwiftPackageProductDependency;
			package = ED26F2DC2792C94B005EE53A /* XCRemoteSwiftPackageReference "RxDataSources" */;
			productName = RxDataSources;
		};
/* End XCSwiftPackageProductDependency section */

/* Begin XCVersionGroup section */
		86FABDF42792AEB2001D986C /* KIDA.xcdatamodeld */ = {
			isa = XCVersionGroup;
			children = (
				86FABDF52792AEB2001D986C /* KIDA.xcdatamodel */,
			);
			currentVersion = 86FABDF52792AEB2001D986C /* KIDA.xcdatamodel */;
			path = KIDA.xcdatamodeld;
			sourceTree = "<group>";
			versionGroupType = wrapper.xcdatamodel;
		};
/* End XCVersionGroup section */
	};
	rootObject = 86FABDE02792AEB2001D986C /* Project object */;
}
