// !$*UTF8*$!
{
	archiveVersion = 1;
	classes = {
	};
	objectVersion = 55;
	objects = {

/* Begin PBXBuildFile section */
		86FABDEC2792AEB2001D986C /* AppDelegate.swift in Sources */ = {isa = PBXBuildFile; fileRef = 86FABDEB2792AEB2001D986C /* AppDelegate.swift */; };
		86FABDEE2792AEB2001D986C /* SceneDelegate.swift in Sources */ = {isa = PBXBuildFile; fileRef = 86FABDED2792AEB2001D986C /* SceneDelegate.swift */; };
		86FABDF02792AEB2001D986C /* HomeViewController.swift in Sources */ = {isa = PBXBuildFile; fileRef = 86FABDEF2792AEB2001D986C /* HomeViewController.swift */; };
		86FABDF62792AEB2001D986C /* KIDA.xcdatamodeld in Sources */ = {isa = PBXBuildFile; fileRef = 86FABDF42792AEB2001D986C /* KIDA.xcdatamodeld */; };
		86FABDF82792AEB3001D986C /* Assets.xcassets in Resources */ = {isa = PBXBuildFile; fileRef = 86FABDF72792AEB3001D986C /* Assets.xcassets */; };
		86FABDFB2792AEB3001D986C /* LaunchScreen.storyboard in Resources */ = {isa = PBXBuildFile; fileRef = 86FABDF92792AEB3001D986C /* LaunchScreen.storyboard */; };
		86FABE082792AFD1001D986C /* Coordinatable.swift in Sources */ = {isa = PBXBuildFile; fileRef = 86FABE072792AFD1001D986C /* Coordinatable.swift */; };
		86FABE0A2792B002001D986C /* BaseViewController.swift in Sources */ = {isa = PBXBuildFile; fileRef = 86FABE092792B002001D986C /* BaseViewController.swift */; };
		86FABE0D2792B097001D986C /* AppCoordinator.swift in Sources */ = {isa = PBXBuildFile; fileRef = 86FABE0C2792B097001D986C /* AppCoordinator.swift */; };
		86FABE0F2792B107001D986C /* HomeCoordinator.swift in Sources */ = {isa = PBXBuildFile; fileRef = 86FABE0E2792B107001D986C /* HomeCoordinator.swift */; };
		ED26F2D42792C7F1005EE53A /* ReactorKit in Frameworks */ = {isa = PBXBuildFile; productRef = ED26F2D32792C7F1005EE53A /* ReactorKit */; };
		ED26F2D72792C827005EE53A /* SnapKit in Frameworks */ = {isa = PBXBuildFile; productRef = ED26F2D62792C827005EE53A /* SnapKit */; };
		ED26F2DA2792C8CD005EE53A /* Then in Frameworks */ = {isa = PBXBuildFile; productRef = ED26F2D92792C8CD005EE53A /* Then */; };
		ED26F2DE2792C94B005EE53A /* Differentiator in Frameworks */ = {isa = PBXBuildFile; productRef = ED26F2DD2792C94B005EE53A /* Differentiator */; };
		ED26F2E02792C94B005EE53A /* RxDataSources in Frameworks */ = {isa = PBXBuildFile; productRef = ED26F2DF2792C94B005EE53A /* RxDataSources */; };
		ED26F2E32792CA19005EE53A /* HomeViewReactor.swift in Sources */ = {isa = PBXBuildFile; fileRef = ED26F2E22792CA19005EE53A /* HomeViewReactor.swift */; };
/* End PBXBuildFile section */

/* Begin PBXFileReference section */
		86FABDE82792AEB2001D986C /* KIDA.app */ = {isa = PBXFileReference; explicitFileType = wrapper.application; includeInIndex = 0; path = KIDA.app; sourceTree = BUILT_PRODUCTS_DIR; };
		86FABDEB2792AEB2001D986C /* AppDelegate.swift */ = {isa = PBXFileReference; lastKnownFileType = sourcecode.swift; path = AppDelegate.swift; sourceTree = "<group>"; };
		86FABDED2792AEB2001D986C /* SceneDelegate.swift */ = {isa = PBXFileReference; lastKnownFileType = sourcecode.swift; path = SceneDelegate.swift; sourceTree = "<group>"; };
		86FABDEF2792AEB2001D986C /* HomeViewController.swift */ = {isa = PBXFileReference; lastKnownFileType = sourcecode.swift; path = HomeViewController.swift; sourceTree = "<group>"; };
		86FABDF52792AEB2001D986C /* KIDA.xcdatamodel */ = {isa = PBXFileReference; lastKnownFileType = wrapper.xcdatamodel; path = KIDA.xcdatamodel; sourceTree = "<group>"; };
		86FABDF72792AEB3001D986C /* Assets.xcassets */ = {isa = PBXFileReference; lastKnownFileType = folder.assetcatalog; path = Assets.xcassets; sourceTree = "<group>"; };
		86FABDFA2792AEB3001D986C /* Base */ = {isa = PBXFileReference; lastKnownFileType = file.storyboard; name = Base; path = Base.lproj/LaunchScreen.storyboard; sourceTree = "<group>"; };
		86FABDFC2792AEB3001D986C /* Info.plist */ = {isa = PBXFileReference; lastKnownFileType = text.plist.xml; path = Info.plist; sourceTree = "<group>"; };
		86FABE072792AFD1001D986C /* Coordinatable.swift */ = {isa = PBXFileReference; lastKnownFileType = sourcecode.swift; path = Coordinatable.swift; sourceTree = "<group>"; };
		86FABE092792B002001D986C /* BaseViewController.swift */ = {isa = PBXFileReference; lastKnownFileType = sourcecode.swift; path = BaseViewController.swift; sourceTree = "<group>"; };
		86FABE0C2792B097001D986C /* AppCoordinator.swift */ = {isa = PBXFileReference; lastKnownFileType = sourcecode.swift; path = AppCoordinator.swift; sourceTree = "<group>"; };
		86FABE0E2792B107001D986C /* HomeCoordinator.swift */ = {isa = PBXFileReference; lastKnownFileType = sourcecode.swift; path = HomeCoordinator.swift; sourceTree = "<group>"; };
		ED26F2E22792CA19005EE53A /* HomeViewReactor.swift */ = {isa = PBXFileReference; lastKnownFileType = sourcecode.swift; path = HomeViewReactor.swift; sourceTree = "<group>"; };
/* End PBXFileReference section */

/* Begin PBXFrameworksBuildPhase section */
		86FABDE52792AEB2001D986C /* Frameworks */ = {
			isa = PBXFrameworksBuildPhase;
			buildActionMask = 2147483647;
			files = (
				ED26F2DE2792C94B005EE53A /* Differentiator in Frameworks */,
				ED26F2D42792C7F1005EE53A /* ReactorKit in Frameworks */,
				ED26F2DA2792C8CD005EE53A /* Then in Frameworks */,
				ED26F2E02792C94B005EE53A /* RxDataSources in Frameworks */,
				ED26F2D72792C827005EE53A /* SnapKit in Frameworks */,
			);
			runOnlyForDeploymentPostprocessing = 0;
		};
/* End PBXFrameworksBuildPhase section */

/* Begin PBXGroup section */
		86FABDDF2792AEB2001D986C = {
			isa = PBXGroup;
			children = (
				86FABDEA2792AEB2001D986C /* KIDA */,
				86FABDE92792AEB2001D986C /* Products */,
			);
			sourceTree = "<group>";
		};
		86FABDE92792AEB2001D986C /* Products */ = {
			isa = PBXGroup;
			children = (
				86FABDE82792AEB2001D986C /* KIDA.app */,
			);
			name = Products;
			sourceTree = "<group>";
		};
		86FABDEA2792AEB2001D986C /* KIDA */ = {
			isa = PBXGroup;
			children = (
				86FABE022792AEB9001D986C /* App */,
				86FABE042792AEEA001D986C /* Sources */,
				86FABDF72792AEB3001D986C /* Assets.xcassets */,
				86FABDF92792AEB3001D986C /* LaunchScreen.storyboard */,
				86FABDFC2792AEB3001D986C /* Info.plist */,
				86FABDF42792AEB2001D986C /* KIDA.xcdatamodeld */,
			);
			path = KIDA;
			sourceTree = "<group>";
		};
		86FABE022792AEB9001D986C /* App */ = {
			isa = PBXGroup;
			children = (
				86FABDEB2792AEB2001D986C /* AppDelegate.swift */,
				86FABDED2792AEB2001D986C /* SceneDelegate.swift */,
			);
			path = App;
			sourceTree = "<group>";
		};
		86FABE042792AEEA001D986C /* Sources */ = {
			isa = PBXGroup;
			children = (
				86FABE052792AF5F001D986C /* Protocols */,
				86FABE0B2792B08E001D986C /* Coordinators */,
				86FABE062792AF61001D986C /* Scene */,
			);
			path = Sources;
			sourceTree = "<group>";
		};
		86FABE052792AF5F001D986C /* Protocols */ = {
			isa = PBXGroup;
			children = (
				86FABE072792AFD1001D986C /* Coordinatable.swift */,
				86FABE092792B002001D986C /* BaseViewController.swift */,
			);
			path = Protocols;
			sourceTree = "<group>";
		};
		86FABE062792AF61001D986C /* Scene */ = {
			isa = PBXGroup;
			children = (
				ED26F2E12792CA08005EE53A /* Home */,
			);
			path = Scene;
			sourceTree = "<group>";
		};
		86FABE0B2792B08E001D986C /* Coordinators */ = {
			isa = PBXGroup;
			children = (
				86FABE0C2792B097001D986C /* AppCoordinator.swift */,
				86FABE0E2792B107001D986C /* HomeCoordinator.swift */,
			);
			path = Coordinators;
			sourceTree = "<group>";
		};
		ED26F2E12792CA08005EE53A /* Home */ = {
			isa = PBXGroup;
			children = (
				86FABDEF2792AEB2001D986C /* HomeViewController.swift */,
				ED26F2E22792CA19005EE53A /* HomeViewReactor.swift */,
			);
			path = Home;
			sourceTree = "<group>";
		};
/* End PBXGroup section */

/* Begin PBXNativeTarget section */
		86FABDE72792AEB2001D986C /* KIDA */ = {
			isa = PBXNativeTarget;
			buildConfigurationList = 86FABDFF2792AEB3001D986C /* Build configuration list for PBXNativeTarget "KIDA" */;
			buildPhases = (
				86FABDE42792AEB2001D986C /* Sources */,
				86FABDE52792AEB2001D986C /* Frameworks */,
				86FABDE62792AEB2001D986C /* Resources */,
			);
			buildRules = (
			);
			dependencies = (
			);
			name = KIDA;
			packageProductDependencies = (
				ED26F2D32792C7F1005EE53A /* ReactorKit */,
				ED26F2D62792C827005EE53A /* SnapKit */,
				ED26F2D92792C8CD005EE53A /* Then */,
				ED26F2DD2792C94B005EE53A /* Differentiator */,
				ED26F2DF2792C94B005EE53A /* RxDataSources */,
			);
			productName = KIDA;
			productReference = 86FABDE82792AEB2001D986C /* KIDA.app */;
			productType = "com.apple.product-type.application";
		};
/* End PBXNativeTarget section */

/* Begin PBXProject section */
		86FABDE02792AEB2001D986C /* Project object */ = {
			isa = PBXProject;
			attributes = {
				BuildIndependentTargetsInParallel = 1;
				LastSwiftUpdateCheck = 1310;
				LastUpgradeCheck = 1310;
				TargetAttributes = {
					86FABDE72792AEB2001D986C = {
						CreatedOnToolsVersion = 13.1;
					};
				};
			};
			buildConfigurationList = 86FABDE32792AEB2001D986C /* Build configuration list for PBXProject "KIDA" */;
			compatibilityVersion = "Xcode 13.0";
			developmentRegion = en;
			hasScannedForEncodings = 0;
			knownRegions = (
				en,
				Base,
			);
			mainGroup = 86FABDDF2792AEB2001D986C;
			packageReferences = (
				ED26F2D12792C753005EE53A /* XCRemoteSwiftPackageReference "RxSwift" */,
				ED26F2D22792C7F1005EE53A /* XCRemoteSwiftPackageReference "ReactorKit" */,
				ED26F2D52792C827005EE53A /* XCRemoteSwiftPackageReference "SnapKit" */,
				ED26F2D82792C8CD005EE53A /* XCRemoteSwiftPackageReference "Then" */,
				ED26F2DC2792C94B005EE53A /* XCRemoteSwiftPackageReference "RxDataSources" */,
			);
			productRefGroup = 86FABDE92792AEB2001D986C /* Products */;
			projectDirPath = "";
			projectRoot = "";
			targets = (
				86FABDE72792AEB2001D986C /* KIDA */,
			);
		};
/* End PBXProject section */

/* Begin PBXResourcesBuildPhase section */
		86FABDE62792AEB2001D986C /* Resources */ = {
			isa = PBXResourcesBuildPhase;
			buildActionMask = 2147483647;
			files = (
				86FABDFB2792AEB3001D986C /* LaunchScreen.storyboard in Resources */,
				86FABDF82792AEB3001D986C /* Assets.xcassets in Resources */,
			);
			runOnlyForDeploymentPostprocessing = 0;
		};
/* End PBXResourcesBuildPhase section */

/* Begin PBXSourcesBuildPhase section */
		86FABDE42792AEB2001D986C /* Sources */ = {
			isa = PBXSourcesBuildPhase;
			buildActionMask = 2147483647;
			files = (
				86FABDF02792AEB2001D986C /* HomeViewController.swift in Sources */,
				86FABDEC2792AEB2001D986C /* AppDelegate.swift in Sources */,
				ED26F2E32792CA19005EE53A /* HomeViewReactor.swift in Sources */,
				86FABE082792AFD1001D986C /* Coordinatable.swift in Sources */,
				86FABDF62792AEB2001D986C /* KIDA.xcdatamodeld in Sources */,
				86FABDEE2792AEB2001D986C /* SceneDelegate.swift in Sources */,
				86FABE0F2792B107001D986C /* HomeCoordinator.swift in Sources */,
				86FABE0A2792B002001D986C /* BaseViewController.swift in Sources */,
				86FABE0D2792B097001D986C /* AppCoordinator.swift in Sources */,
			);
			runOnlyForDeploymentPostprocessing = 0;
		};
/* End PBXSourcesBuildPhase section */

/* Begin PBXVariantGroup section */
		86FABDF92792AEB3001D986C /* LaunchScreen.storyboard */ = {
			isa = PBXVariantGroup;
			children = (
				86FABDFA2792AEB3001D986C /* Base */,
			);
			name = LaunchScreen.storyboard;
			sourceTree = "<group>";
		};
/* End PBXVariantGroup section */

/* Begin XCBuildConfiguration section */
		86FABDFD2792AEB3001D986C /* Debug */ = {
			isa = XCBuildConfiguration;
			buildSettings = {
				ALWAYS_SEARCH_USER_PATHS = NO;
				CLANG_ANALYZER_NONNULL = YES;
				CLANG_ANALYZER_NUMBER_OBJECT_CONVERSION = YES_AGGRESSIVE;
				CLANG_CXX_LANGUAGE_STANDARD = "gnu++17";
				CLANG_CXX_LIBRARY = "libc++";
				CLANG_ENABLE_MODULES = YES;
				CLANG_ENABLE_OBJC_ARC = YES;
				CLANG_ENABLE_OBJC_WEAK = YES;
				CLANG_WARN_BLOCK_CAPTURE_AUTORELEASING = YES;
				CLANG_WARN_BOOL_CONVERSION = YES;
				CLANG_WARN_COMMA = YES;
				CLANG_WARN_CONSTANT_CONVERSION = YES;
				CLANG_WARN_DEPRECATED_OBJC_IMPLEMENTATIONS = YES;
				CLANG_WARN_DIRECT_OBJC_ISA_USAGE = YES_ERROR;
				CLANG_WARN_DOCUMENTATION_COMMENTS = YES;
				CLANG_WARN_EMPTY_BODY = YES;
				CLANG_WARN_ENUM_CONVERSION = YES;
				CLANG_WARN_INFINITE_RECURSION = YES;
				CLANG_WARN_INT_CONVERSION = YES;
				CLANG_WARN_NON_LITERAL_NULL_CONVERSION = YES;
				CLANG_WARN_OBJC_IMPLICIT_RETAIN_SELF = YES;
				CLANG_WARN_OBJC_LITERAL_CONVERSION = YES;
				CLANG_WARN_OBJC_ROOT_CLASS = YES_ERROR;
				CLANG_WARN_QUOTED_INCLUDE_IN_FRAMEWORK_HEADER = YES;
				CLANG_WARN_RANGE_LOOP_ANALYSIS = YES;
				CLANG_WARN_STRICT_PROTOTYPES = YES;
				CLANG_WARN_SUSPICIOUS_MOVE = YES;
				CLANG_WARN_UNGUARDED_AVAILABILITY = YES_AGGRESSIVE;
				CLANG_WARN_UNREACHABLE_CODE = YES;
				CLANG_WARN__DUPLICATE_METHOD_MATCH = YES;
				COPY_PHASE_STRIP = NO;
				DEBUG_INFORMATION_FORMAT = dwarf;
				ENABLE_STRICT_OBJC_MSGSEND = YES;
				ENABLE_TESTABILITY = YES;
				GCC_C_LANGUAGE_STANDARD = gnu11;
				GCC_DYNAMIC_NO_PIC = NO;
				GCC_NO_COMMON_BLOCKS = YES;
				GCC_OPTIMIZATION_LEVEL = 0;
				GCC_PREPROCESSOR_DEFINITIONS = (
					"DEBUG=1",
					"$(inherited)",
				);
				GCC_WARN_64_TO_32_BIT_CONVERSION = YES;
				GCC_WARN_ABOUT_RETURN_TYPE = YES_ERROR;
				GCC_WARN_UNDECLARED_SELECTOR = YES;
				GCC_WARN_UNINITIALIZED_AUTOS = YES_AGGRESSIVE;
				GCC_WARN_UNUSED_FUNCTION = YES;
				GCC_WARN_UNUSED_VARIABLE = YES;
				IPHONEOS_DEPLOYMENT_TARGET = 15.0;
				MTL_ENABLE_DEBUG_INFO = INCLUDE_SOURCE;
				MTL_FAST_MATH = YES;
				ONLY_ACTIVE_ARCH = YES;
				SDKROOT = iphoneos;
				SWIFT_ACTIVE_COMPILATION_CONDITIONS = DEBUG;
				SWIFT_OPTIMIZATION_LEVEL = "-Onone";
			};
			name = Debug;
		};
		86FABDFE2792AEB3001D986C /* Release */ = {
			isa = XCBuildConfiguration;
			buildSettings = {
				ALWAYS_SEARCH_USER_PATHS = NO;
				CLANG_ANALYZER_NONNULL = YES;
				CLANG_ANALYZER_NUMBER_OBJECT_CONVERSION = YES_AGGRESSIVE;
				CLANG_CXX_LANGUAGE_STANDARD = "gnu++17";
				CLANG_CXX_LIBRARY = "libc++";
				CLANG_ENABLE_MODULES = YES;
				CLANG_ENABLE_OBJC_ARC = YES;
				CLANG_ENABLE_OBJC_WEAK = YES;
				CLANG_WARN_BLOCK_CAPTURE_AUTORELEASING = YES;
				CLANG_WARN_BOOL_CONVERSION = YES;
				CLANG_WARN_COMMA = YES;
				CLANG_WARN_CONSTANT_CONVERSION = YES;
				CLANG_WARN_DEPRECATED_OBJC_IMPLEMENTATIONS = YES;
				CLANG_WARN_DIRECT_OBJC_ISA_USAGE = YES_ERROR;
				CLANG_WARN_DOCUMENTATION_COMMENTS = YES;
				CLANG_WARN_EMPTY_BODY = YES;
				CLANG_WARN_ENUM_CONVERSION = YES;
				CLANG_WARN_INFINITE_RECURSION = YES;
				CLANG_WARN_INT_CONVERSION = YES;
				CLANG_WARN_NON_LITERAL_NULL_CONVERSION = YES;
				CLANG_WARN_OBJC_IMPLICIT_RETAIN_SELF = YES;
				CLANG_WARN_OBJC_LITERAL_CONVERSION = YES;
				CLANG_WARN_OBJC_ROOT_CLASS = YES_ERROR;
				CLANG_WARN_QUOTED_INCLUDE_IN_FRAMEWORK_HEADER = YES;
				CLANG_WARN_RANGE_LOOP_ANALYSIS = YES;
				CLANG_WARN_STRICT_PROTOTYPES = YES;
				CLANG_WARN_SUSPICIOUS_MOVE = YES;
				CLANG_WARN_UNGUARDED_AVAILABILITY = YES_AGGRESSIVE;
				CLANG_WARN_UNREACHABLE_CODE = YES;
				CLANG_WARN__DUPLICATE_METHOD_MATCH = YES;
				COPY_PHASE_STRIP = NO;
				DEBUG_INFORMATION_FORMAT = "dwarf-with-dsym";
				ENABLE_NS_ASSERTIONS = NO;
				ENABLE_STRICT_OBJC_MSGSEND = YES;
				GCC_C_LANGUAGE_STANDARD = gnu11;
				GCC_NO_COMMON_BLOCKS = YES;
				GCC_WARN_64_TO_32_BIT_CONVERSION = YES;
				GCC_WARN_ABOUT_RETURN_TYPE = YES_ERROR;
				GCC_WARN_UNDECLARED_SELECTOR = YES;
				GCC_WARN_UNINITIALIZED_AUTOS = YES_AGGRESSIVE;
				GCC_WARN_UNUSED_FUNCTION = YES;
				GCC_WARN_UNUSED_VARIABLE = YES;
				IPHONEOS_DEPLOYMENT_TARGET = 15.0;
				MTL_ENABLE_DEBUG_INFO = NO;
				MTL_FAST_MATH = YES;
				SDKROOT = iphoneos;
				SWIFT_COMPILATION_MODE = wholemodule;
				SWIFT_OPTIMIZATION_LEVEL = "-O";
				VALIDATE_PRODUCT = YES;
			};
			name = Release;
		};
		86FABE002792AEB3001D986C /* Debug */ = {
			isa = XCBuildConfiguration;
			buildSettings = {
				ASSETCATALOG_COMPILER_APPICON_NAME = AppIcon;
				ASSETCATALOG_COMPILER_GLOBAL_ACCENT_COLOR_NAME = AccentColor;
				CODE_SIGN_STYLE = Automatic;
				CURRENT_PROJECT_VERSION = 1;
				GENERATE_INFOPLIST_FILE = YES;
				INFOPLIST_FILE = KIDA/Info.plist;
				INFOPLIST_KEY_UIApplicationSupportsIndirectInputEvents = YES;
				INFOPLIST_KEY_UILaunchStoryboardName = LaunchScreen;
				INFOPLIST_KEY_UISupportedInterfaceOrientations_iPad = "UIInterfaceOrientationPortrait UIInterfaceOrientationPortraitUpsideDown UIInterfaceOrientationLandscapeLeft UIInterfaceOrientationLandscapeRight";
				INFOPLIST_KEY_UISupportedInterfaceOrientations_iPhone = "UIInterfaceOrientationPortrait UIInterfaceOrientationLandscapeLeft UIInterfaceOrientationLandscapeRight";
				IPHONEOS_DEPLOYMENT_TARGET = 13.0;
				LD_RUNPATH_SEARCH_PATHS = (
					"$(inherited)",
					"@executable_path/Frameworks",
				);
				MARKETING_VERSION = 1.0;
				PRODUCT_BUNDLE_IDENTIFIER = com.ian.KIDA;
				PRODUCT_NAME = "$(TARGET_NAME)";
				SWIFT_EMIT_LOC_STRINGS = YES;
				SWIFT_VERSION = 5.0;
				TARGETED_DEVICE_FAMILY = "1,2";
			};
			name = Debug;
		};
		86FABE012792AEB3001D986C /* Release */ = {
			isa = XCBuildConfiguration;
			buildSettings = {
				ASSETCATALOG_COMPILER_APPICON_NAME = AppIcon;
				ASSETCATALOG_COMPILER_GLOBAL_ACCENT_COLOR_NAME = AccentColor;
				CODE_SIGN_STYLE = Automatic;
				CURRENT_PROJECT_VERSION = 1;
				GENERATE_INFOPLIST_FILE = YES;
				INFOPLIST_FILE = KIDA/Info.plist;
				INFOPLIST_KEY_UIApplicationSupportsIndirectInputEvents = YES;
				INFOPLIST_KEY_UILaunchStoryboardName = LaunchScreen;
				INFOPLIST_KEY_UISupportedInterfaceOrientations_iPad = "UIInterfaceOrientationPortrait UIInterfaceOrientationPortraitUpsideDown UIInterfaceOrientationLandscapeLeft UIInterfaceOrientationLandscapeRight";
				INFOPLIST_KEY_UISupportedInterfaceOrientations_iPhone = "UIInterfaceOrientationPortrait UIInterfaceOrientationLandscapeLeft UIInterfaceOrientationLandscapeRight";
				IPHONEOS_DEPLOYMENT_TARGET = 13.0;
				LD_RUNPATH_SEARCH_PATHS = (
					"$(inherited)",
					"@executable_path/Frameworks",
				);
				MARKETING_VERSION = 1.0;
				PRODUCT_BUNDLE_IDENTIFIER = com.ian.KIDA;
				PRODUCT_NAME = "$(TARGET_NAME)";
				SWIFT_EMIT_LOC_STRINGS = YES;
				SWIFT_VERSION = 5.0;
				TARGETED_DEVICE_FAMILY = "1,2";
			};
			name = Release;
		};
/* End XCBuildConfiguration section */

/* Begin XCConfigurationList section */
		86FABDE32792AEB2001D986C /* Build configuration list for PBXProject "KIDA" */ = {
			isa = XCConfigurationList;
			buildConfigurations = (
				86FABDFD2792AEB3001D986C /* Debug */,
				86FABDFE2792AEB3001D986C /* Release */,
			);
			defaultConfigurationIsVisible = 0;
			defaultConfigurationName = Release;
		};
		86FABDFF2792AEB3001D986C /* Build configuration list for PBXNativeTarget "KIDA" */ = {
			isa = XCConfigurationList;
			buildConfigurations = (
				86FABE002792AEB3001D986C /* Debug */,
				86FABE012792AEB3001D986C /* Release */,
			);
			defaultConfigurationIsVisible = 0;
			defaultConfigurationName = Release;
		};
/* End XCConfigurationList section */

/* Begin XCRemoteSwiftPackageReference section */
		ED26F2D12792C753005EE53A /* XCRemoteSwiftPackageReference "RxSwift" */ = {
			isa = XCRemoteSwiftPackageReference;
			repositoryURL = "https://github.com/ReactiveX/RxSwift.git";
			requirement = {
				kind = upToNextMajorVersion;
				minimumVersion = 5.1.2;
			};
		};
		ED26F2D22792C7F1005EE53A /* XCRemoteSwiftPackageReference "ReactorKit" */ = {
			isa = XCRemoteSwiftPackageReference;
			repositoryURL = "https://github.com/ReactorKit/ReactorKit.git";
			requirement = {
				kind = upToNextMajorVersion;
				minimumVersion = 2.1.1;
			};
		};
		ED26F2D52792C827005EE53A /* XCRemoteSwiftPackageReference "SnapKit" */ = {
			isa = XCRemoteSwiftPackageReference;
			repositoryURL = "https://github.com/SnapKit/SnapKit.git";
			requirement = {
				kind = upToNextMajorVersion;
				minimumVersion = 5.0.1;
			};
		};
		ED26F2D82792C8CD005EE53A /* XCRemoteSwiftPackageReference "Then" */ = {
			isa = XCRemoteSwiftPackageReference;
			repositoryURL = "https://github.com/devxoul/Then.git";
			requirement = {
				kind = upToNextMajorVersion;
				minimumVersion = 2.7.0;
			};
		};
		ED26F2DC2792C94B005EE53A /* XCRemoteSwiftPackageReference "RxDataSources" */ = {
			isa = XCRemoteSwiftPackageReference;
			repositoryURL = "https://github.com/RxSwiftCommunity/RxDataSources.git";
			requirement = {
				kind = upToNextMajorVersion;
				minimumVersion = 4.0.1;
			};
		};
/* End XCRemoteSwiftPackageReference section */

/* Begin XCSwiftPackageProductDependency section */
		ED26F2D32792C7F1005EE53A /* ReactorKit */ = {
			isa = XCSwiftPackageProductDependency;
			package = ED26F2D22792C7F1005EE53A /* XCRemoteSwiftPackageReference "ReactorKit" */;
			productName = ReactorKit;
		};
		ED26F2D62792C827005EE53A /* SnapKit */ = {
			isa = XCSwiftPackageProductDependency;
			package = ED26F2D52792C827005EE53A /* XCRemoteSwiftPackageReference "SnapKit" */;
			productName = SnapKit;
		};
		ED26F2D92792C8CD005EE53A /* Then */ = {
			isa = XCSwiftPackageProductDependency;
			package = ED26F2D82792C8CD005EE53A /* XCRemoteSwiftPackageReference "Then" */;
			productName = Then;
		};
		ED26F2DD2792C94B005EE53A /* Differentiator */ = {
			isa = XCSwiftPackageProductDependency;
			package = ED26F2DC2792C94B005EE53A /* XCRemoteSwiftPackageReference "RxDataSources" */;
			productName = Differentiator;
		};
		ED26F2DF2792C94B005EE53A /* RxDataSources */ = {
			isa = XCSwiftPackageProductDependency;
			package = ED26F2DC2792C94B005EE53A /* XCRemoteSwiftPackageReference "RxDataSources" */;
			productName = RxDataSources;
		};
/* End XCSwiftPackageProductDependency section */

/* Begin XCVersionGroup section */
		86FABDF42792AEB2001D986C /* KIDA.xcdatamodeld */ = {
			isa = XCVersionGroup;
			children = (
				86FABDF52792AEB2001D986C /* KIDA.xcdatamodel */,
			);
			currentVersion = 86FABDF52792AEB2001D986C /* KIDA.xcdatamodel */;
			path = KIDA.xcdatamodeld;
			sourceTree = "<group>";
			versionGroupType = wrapper.xcdatamodel;
		};
/* End XCVersionGroup section */
	};
	rootObject = 86FABDE02792AEB2001D986C /* Project object */;
}
